// !$*UTF8*$!
{
	archiveVersion = 1;
	classes = {
	};
	objectVersion = 51;
	objects = {

/* Begin PBXBuildFile section */
		0D5D5907255BFD86009D9623 /* Extention + LanguageConvert.swift in Sources */ = {isa = PBXBuildFile; fileRef = 0D5D5906255BFD86009D9623 /* Extention + LanguageConvert.swift */; };
		0D5D590B255BFFDF009D9623 /* Localizable.strings in Resources */ = {isa = PBXBuildFile; fileRef = 0D5D590D255BFFDF009D9623 /* Localizable.strings */; };
		0DAD1BCC2559200B00AFA29A /* LanguageVC.swift in Sources */ = {isa = PBXBuildFile; fileRef = 0DAD1BCB2559200A00AFA29A /* LanguageVC.swift */; };
		0DAD1BCE255933EC00AFA29A /* GetArtistDateList.swift in Sources */ = {isa = PBXBuildFile; fileRef = 0DAD1BCD255933EC00AFA29A /* GetArtistDateList.swift */; };
		0DAD1BD0255950E600AFA29A /* GoogleService-Info.plist in Resources */ = {isa = PBXBuildFile; fileRef = 0DAD1BCF255950E500AFA29A /* GoogleService-Info.plist */; };
		1868C0F125837C63005E0417 /* ChooseCurrencyVC.swift in Sources */ = {isa = PBXBuildFile; fileRef = 1868C0F025837C63005E0417 /* ChooseCurrencyVC.swift */; };
		61BD5B2F786B2C19D79141B4 /* Pods_SurpriseMe_User.framework in Frameworks */ = {isa = PBXBuildFile; fileRef = 156C76C3EB7268A2E43496A2 /* Pods_SurpriseMe_User.framework */; };
		830CDDDD251DB58B002B9752 /* Extension + Date.swift in Sources */ = {isa = PBXBuildFile; fileRef = 830CDDDC251DB58B002B9752 /* Extension + Date.swift */; };
		830D4BAE251C6EF1002ABAC9 /* GetFreindListViewModel.swift in Sources */ = {isa = PBXBuildFile; fileRef = 830D4BAD251C6EF1002ABAC9 /* GetFreindListViewModel.swift */; };
		830D4BB0251C70B9002ABAC9 /* ChatHistoryViewModel.swift in Sources */ = {isa = PBXBuildFile; fileRef = 830D4BAF251C70B9002ABAC9 /* ChatHistoryViewModel.swift */; };
		830D4BB6251C9933002ABAC9 /* GetFreindListModel.swift in Sources */ = {isa = PBXBuildFile; fileRef = 830D4BB5251C9933002ABAC9 /* GetFreindListModel.swift */; };
		8318183625307F980002FD2C /* ChangeNotificationModel.swift in Sources */ = {isa = PBXBuildFile; fileRef = 8318183525307F980002FD2C /* ChangeNotificationModel.swift */; };
		8318DA5B24FDFA70004F16EF /* UserDefaultKey.swift in Sources */ = {isa = PBXBuildFile; fileRef = 8318DA5A24FDFA70004F16EF /* UserDefaultKey.swift */; };
		8318DA5E24FE001C004F16EF /* ForgetPasswordVC.swift in Sources */ = {isa = PBXBuildFile; fileRef = 8318DA5D24FE001C004F16EF /* ForgetPasswordVC.swift */; };
		8318DA6024FE0410004F16EF /* ForgetPasswordViewModel.swift in Sources */ = {isa = PBXBuildFile; fileRef = 8318DA5F24FE0410004F16EF /* ForgetPasswordViewModel.swift */; };
		8318DA6324FE1355004F16EF /* ManageAddressViewModel.swift in Sources */ = {isa = PBXBuildFile; fileRef = 8318DA6224FE1355004F16EF /* ManageAddressViewModel.swift */; };
		8318DA6524FE250C004F16EF /* ManageAddressModel.swift in Sources */ = {isa = PBXBuildFile; fileRef = 8318DA6424FE250C004F16EF /* ManageAddressModel.swift */; };
		8322B3A9250E997700D1B3FA /* SelectDateVC.swift in Sources */ = {isa = PBXBuildFile; fileRef = 8322B3A8250E997700D1B3FA /* SelectDateVC.swift */; };
		8322B3AC250EAA6F00D1B3FA /* EditDateVC.swift in Sources */ = {isa = PBXBuildFile; fileRef = 8322B3AA250EAA6E00D1B3FA /* EditDateVC.swift */; };
		8322B3AD250EAA6F00D1B3FA /* dateListCollectionViewCell.swift in Sources */ = {isa = PBXBuildFile; fileRef = 8322B3AB250EAA6F00D1B3FA /* dateListCollectionViewCell.swift */; };
		8325DAAC250F63EB00A606DD /* GetBookingListModel.swift in Sources */ = {isa = PBXBuildFile; fileRef = 8325DAAB250F63EB00A606DD /* GetBookingListModel.swift */; };
		8325DAAF250FFAB300A606DD /* BookingStoreViewModel.swift in Sources */ = {isa = PBXBuildFile; fileRef = 8325DAAE250FFAB300A606DD /* BookingStoreViewModel.swift */; };
		832A359C251B2EA400587D8A /* ChangePasswordViewModel.swift in Sources */ = {isa = PBXBuildFile; fileRef = 832A359B251B2EA400587D8A /* ChangePasswordViewModel.swift */; };
		832C887A24F4ED6C0003B10B /* AppDelegate.swift in Sources */ = {isa = PBXBuildFile; fileRef = 832C887924F4ED6C0003B10B /* AppDelegate.swift */; };
		832C887E24F4ED6C0003B10B /* ViewController.swift in Sources */ = {isa = PBXBuildFile; fileRef = 832C887D24F4ED6C0003B10B /* ViewController.swift */; };
		832C888124F4ED6C0003B10B /* Main.storyboard in Resources */ = {isa = PBXBuildFile; fileRef = 832C887F24F4ED6C0003B10B /* Main.storyboard */; };
		832C888324F4ED6E0003B10B /* Assets.xcassets in Resources */ = {isa = PBXBuildFile; fileRef = 832C888224F4ED6E0003B10B /* Assets.xcassets */; };
		832C888624F4ED6E0003B10B /* LaunchScreen.storyboard in Resources */ = {isa = PBXBuildFile; fileRef = 832C888424F4ED6E0003B10B /* LaunchScreen.storyboard */; };
		832C888F24F5018D0003B10B /* WalkThroughVC.swift in Sources */ = {isa = PBXBuildFile; fileRef = 832C888E24F5018D0003B10B /* WalkThroughVC.swift */; };
		832C889224F503610003B10B /* CustomWalkThroughCell.swift in Sources */ = {isa = PBXBuildFile; fileRef = 832C889124F503610003B10B /* CustomWalkThroughCell.swift */; };
		832C889624F529830003B10B /* SocialLoginVC.swift in Sources */ = {isa = PBXBuildFile; fileRef = 832C889524F529830003B10B /* SocialLoginVC.swift */; };
		833C8C30255E4C7E00C88430 /* cardPaymentListCell.swift in Sources */ = {isa = PBXBuildFile; fileRef = 833C8C27255E4C7D00C88430 /* cardPaymentListCell.swift */; };
		833C8C31255E4C7E00C88430 /* CustomCardCollectionCell.swift in Sources */ = {isa = PBXBuildFile; fileRef = 833C8C28255E4C7D00C88430 /* CustomCardCollectionCell.swift */; };
		833C8C32255E4C7E00C88430 /* SelectPaymentVC.swift in Sources */ = {isa = PBXBuildFile; fileRef = 833C8C29255E4C7D00C88430 /* SelectPaymentVC.swift */; };
		833C8C33255E4C7E00C88430 /* SelectPayMentTypeVC.swift in Sources */ = {isa = PBXBuildFile; fileRef = 833C8C2A255E4C7D00C88430 /* SelectPayMentTypeVC.swift */; };
		833C8C34255E4C7E00C88430 /* GetCardModel.swift in Sources */ = {isa = PBXBuildFile; fileRef = 833C8C2B255E4C7D00C88430 /* GetCardModel.swift */; };
		833C8C35255E4C7E00C88430 /* cardPaymentList.swift in Sources */ = {isa = PBXBuildFile; fileRef = 833C8C2C255E4C7E00C88430 /* cardPaymentList.swift */; };
		833C8C36255E4C7E00C88430 /* SuccessPaymentVC.swift in Sources */ = {isa = PBXBuildFile; fileRef = 833C8C2D255E4C7E00C88430 /* SuccessPaymentVC.swift */; };
		833C8C37255E4C7E00C88430 /* PagingCollectionViewLayout.swift in Sources */ = {isa = PBXBuildFile; fileRef = 833C8C2E255E4C7E00C88430 /* PagingCollectionViewLayout.swift */; };
		833C8C38255E4C7E00C88430 /* LoaderVC.swift in Sources */ = {isa = PBXBuildFile; fileRef = 833C8C2F255E4C7E00C88430 /* LoaderVC.swift */; };
		833C8C3B255E52FB00C88430 /* IdelPaymentVC.swift in Sources */ = {isa = PBXBuildFile; fileRef = 833C8C39255E52EE00C88430 /* IdelPaymentVC.swift */; };
		833C8C3C255E52FB00C88430 /* IdelPaymentModel.swift in Sources */ = {isa = PBXBuildFile; fileRef = 833C8C3A255E52FB00C88430 /* IdelPaymentModel.swift */; };
		833D2808251D18E8002E654F /* GetUserChatListViewM.swift in Sources */ = {isa = PBXBuildFile; fileRef = 833D2807251D18E8002E654F /* GetUserChatListViewM.swift */; };
		833F14DD252B255B0031FE67 /* RatingVC.swift in Sources */ = {isa = PBXBuildFile; fileRef = 833F14DC252B255B0031FE67 /* RatingVC.swift */; };
		833F14DF252B3A680031FE67 /* NotificationViewModel.swift in Sources */ = {isa = PBXBuildFile; fileRef = 833F14DE252B3A680031FE67 /* NotificationViewModel.swift */; };
		833F14E1252B67370031FE67 /* RatingViewModel.swift in Sources */ = {isa = PBXBuildFile; fileRef = 833F14E0252B67370031FE67 /* RatingViewModel.swift */; };
		833F14E5252C681F0031FE67 /* BookingDetailsModelView.swift in Sources */ = {isa = PBXBuildFile; fileRef = 833F14E4252C681E0031FE67 /* BookingDetailsModelView.swift */; };
		83511CDA25135E2700E9C501 /* ChangePasswordVC.swift in Sources */ = {isa = PBXBuildFile; fileRef = 83511CD925135E2700E9C501 /* ChangePasswordVC.swift */; };
		83511CDC2513694D00E9C501 /* SettingVC.swift in Sources */ = {isa = PBXBuildFile; fileRef = 83511CDB2513694D00E9C501 /* SettingVC.swift */; };
		83511CDE2513884800E9C501 /* SearchArtistViewModel.swift in Sources */ = {isa = PBXBuildFile; fileRef = 83511CDD2513884800E9C501 /* SearchArtistViewModel.swift */; };
		83511CE02513934B00E9C501 /* GetArtistCategoryVC.swift in Sources */ = {isa = PBXBuildFile; fileRef = 83511CDF2513934B00E9C501 /* GetArtistCategoryVC.swift */; };
		83511CE2251398D600E9C501 /* CustomArtistCategoryCell.swift in Sources */ = {isa = PBXBuildFile; fileRef = 83511CE1251398D600E9C501 /* CustomArtistCategoryCell.swift */; };
		83511CE4251399F200E9C501 /* GetArtistViewModel.swift in Sources */ = {isa = PBXBuildFile; fileRef = 83511CE3251399F200E9C501 /* GetArtistViewModel.swift */; };
		83511CE62513E4B400E9C501 /* SearchArtistModel.swift in Sources */ = {isa = PBXBuildFile; fileRef = 83511CE52513E4B400E9C501 /* SearchArtistModel.swift */; };
		83511CE82514000400E9C501 /* FilterArtistDataViewModel.swift in Sources */ = {isa = PBXBuildFile; fileRef = 83511CE72514000400E9C501 /* FilterArtistDataViewModel.swift */; };
		83511CEB251400A300E9C501 /* FilterArtistDataModel.swift in Sources */ = {isa = PBXBuildFile; fileRef = 83511CEA251400A300E9C501 /* FilterArtistDataModel.swift */; };
		83511CF125145D0000E9C501 /* ViewProfileVC.swift in Sources */ = {isa = PBXBuildFile; fileRef = 83511CED25145D0000E9C501 /* ViewProfileVC.swift */; };
		83511CF225145D0000E9C501 /* serviceCollectionViewCell.swift in Sources */ = {isa = PBXBuildFile; fileRef = 83511CEE25145D0000E9C501 /* serviceCollectionViewCell.swift */; };
		83511CF325145D0000E9C501 /* imageCollectionViewCell.swift in Sources */ = {isa = PBXBuildFile; fileRef = 83511CEF25145D0000E9C501 /* imageCollectionViewCell.swift */; };
		83511CF425145D0000E9C501 /* showCollectionViewCell.swift in Sources */ = {isa = PBXBuildFile; fileRef = 83511CF025145D0000E9C501 /* showCollectionViewCell.swift */; };
		83511CF625146F1200E9C501 /* GetArtistCategoryModel.swift in Sources */ = {isa = PBXBuildFile; fileRef = 83511CF525146F1200E9C501 /* GetArtistCategoryModel.swift */; };
		83682EA4255BF8FC00C87A45 /* SchueduleVC.swift in Sources */ = {isa = PBXBuildFile; fileRef = 83682EA3255BF8FB00C87A45 /* SchueduleVC.swift */; };
		838D0114257A5D8700F1062F /* ZFRippleButton.swift in Sources */ = {isa = PBXBuildFile; fileRef = 838D0113257A5D8600F1062F /* ZFRippleButton.swift */; };
		8391ACD924FCEABA008C04D3 /* customTabBar.swift in Sources */ = {isa = PBXBuildFile; fileRef = 8391ACD824FCEABA008C04D3 /* customTabBar.swift */; };
		8391ACDD24FD194B008C04D3 /* InternetConnection.swift in Sources */ = {isa = PBXBuildFile; fileRef = 8391ACDC24FD194B008C04D3 /* InternetConnection.swift */; };
		8391ACDF24FD1AAE008C04D3 /* SignupViewModel.swift in Sources */ = {isa = PBXBuildFile; fileRef = 8391ACDE24FD1AAE008C04D3 /* SignupViewModel.swift */; };
		8391ACE124FD1B64008C04D3 /* SignupModel.swift in Sources */ = {isa = PBXBuildFile; fileRef = 8391ACE024FD1B64008C04D3 /* SignupModel.swift */; };
		8391ACE524FD6A8D008C04D3 /* LoginViewModel.swift in Sources */ = {isa = PBXBuildFile; fileRef = 8391ACE424FD6A8D008C04D3 /* LoginViewModel.swift */; };
		839EDA62250E59AF00230F1C /* ScheduleBookingVC.swift in Sources */ = {isa = PBXBuildFile; fileRef = 839EDA61250E59AF00230F1C /* ScheduleBookingVC.swift */; };
		83A3A993251B603C00269F55 /* SocketConnectionManager.swift in Sources */ = {isa = PBXBuildFile; fileRef = 83A3A992251B603C00269F55 /* SocketConnectionManager.swift */; };
		83AB5FE12557FED80087515B /* ReviewVC.swift in Sources */ = {isa = PBXBuildFile; fileRef = 83AB5FE02557FED70087515B /* ReviewVC.swift */; };
		83AB5FE32557FF2B0087515B /* ReviewTableViewCell.swift in Sources */ = {isa = PBXBuildFile; fileRef = 83AB5FE22557FF2A0087515B /* ReviewTableViewCell.swift */; };
		83AB5FE52557FF560087515B /* ReviewRatingModel.swift in Sources */ = {isa = PBXBuildFile; fileRef = 83AB5FE42557FF550087515B /* ReviewRatingModel.swift */; };
		83AB5FE72557FF690087515B /* ReviewRatingViewModel.swift in Sources */ = {isa = PBXBuildFile; fileRef = 83AB5FE62557FF680087515B /* ReviewRatingViewModel.swift */; };
		83AD65F0252C7F0600B10EAA /* NotificationModel.swift in Sources */ = {isa = PBXBuildFile; fileRef = 83AD65EF252C7F0600B10EAA /* NotificationModel.swift */; };
		83AD65F2252CAEAB00B10EAA /* BookingDetailsModel.swift in Sources */ = {isa = PBXBuildFile; fileRef = 83AD65F1252CAEAB00B10EAA /* BookingDetailsModel.swift */; };
		83B2F27324FB9FF40041A762 /* recievedTableViewCell.swift in Sources */ = {isa = PBXBuildFile; fileRef = 83B2F26A24FB9FF40041A762 /* recievedTableViewCell.swift */; };
		83B2F27424FB9FF40041A762 /* FriendMsgVC.swift in Sources */ = {isa = PBXBuildFile; fileRef = 83B2F26B24FB9FF40041A762 /* FriendMsgVC.swift */; };
		83B2F27524FB9FF40041A762 /* sendTableViewCell.swift in Sources */ = {isa = PBXBuildFile; fileRef = 83B2F26C24FB9FF40041A762 /* sendTableViewCell.swift */; };
		83B2F27624FB9FF40041A762 /* typingTableViewCell.swift in Sources */ = {isa = PBXBuildFile; fileRef = 83B2F26D24FB9FF40041A762 /* typingTableViewCell.swift */; };
		83B2F27724FB9FF40041A762 /* Chat.storyboard in Resources */ = {isa = PBXBuildFile; fileRef = 83B2F26F24FB9FF40041A762 /* Chat.storyboard */; };
		83B2F27824FB9FF40041A762 /* MessageTableViewCell.swift in Sources */ = {isa = PBXBuildFile; fileRef = 83B2F27124FB9FF40041A762 /* MessageTableViewCell.swift */; };
		83B2F27924FB9FF40041A762 /* FriendListVC.swift in Sources */ = {isa = PBXBuildFile; fileRef = 83B2F27224FB9FF40041A762 /* FriendListVC.swift */; };
		83B2F28424FBA6680041A762 /* BookingDetailVC.swift in Sources */ = {isa = PBXBuildFile; fileRef = 83B2F27C24FBA6670041A762 /* BookingDetailVC.swift */; };
		83B2F28524FBA6680041A762 /* BookingDetail.storyboard in Resources */ = {isa = PBXBuildFile; fileRef = 83B2F27E24FBA6670041A762 /* BookingDetail.storyboard */; };
		83B2F28624FBA6680041A762 /* FilterVC.swift in Sources */ = {isa = PBXBuildFile; fileRef = 83B2F28024FBA6670041A762 /* FilterVC.swift */; };
		83B2F28724FBA6680041A762 /* BookingVC.swift in Sources */ = {isa = PBXBuildFile; fileRef = 83B2F28224FBA6670041A762 /* BookingVC.swift */; };
		83B2F28824FBA6680041A762 /* BookingTableViewCell.swift in Sources */ = {isa = PBXBuildFile; fileRef = 83B2F28324FBA6670041A762 /* BookingTableViewCell.swift */; };
		83B2F28C24FBB3610041A762 /* NotificationVC.swift in Sources */ = {isa = PBXBuildFile; fileRef = 83B2F28A24FBB3600041A762 /* NotificationVC.swift */; };
		83B2F28D24FBB3610041A762 /* NotificationTableViewCell.swift in Sources */ = {isa = PBXBuildFile; fileRef = 83B2F28B24FBB3600041A762 /* NotificationTableViewCell.swift */; };
		83B2F28F24FC208E0041A762 /* CustomManageAddressCell.swift in Sources */ = {isa = PBXBuildFile; fileRef = 83B2F28E24FC208E0041A762 /* CustomManageAddressCell.swift */; };
		83B2F29124FC20AE0041A762 /* CustomHeaderAddressCell.swift in Sources */ = {isa = PBXBuildFile; fileRef = 83B2F29024FC20AE0041A762 /* CustomHeaderAddressCell.swift */; };
		83B2F29324FC2CB40041A762 /* SelectAddressTypeVC.swift in Sources */ = {isa = PBXBuildFile; fileRef = 83B2F29224FC2CB40041A762 /* SelectAddressTypeVC.swift */; };
		83B2F29524FC2DEE0041A762 /* SelectAddressVC.swift in Sources */ = {isa = PBXBuildFile; fileRef = 83B2F29424FC2DEE0041A762 /* SelectAddressVC.swift */; };
		83B2F29724FC32E50041A762 /* ManualAddressVC.swift in Sources */ = {isa = PBXBuildFile; fileRef = 83B2F29624FC32E50041A762 /* ManualAddressVC.swift */; };
		83B2F29924FC3AC40041A762 /* TermsProfileVC.swift in Sources */ = {isa = PBXBuildFile; fileRef = 83B2F29824FC3AC40041A762 /* TermsProfileVC.swift */; };
		83B95D1424F6267B001ABB9D /* LoginVC.swift in Sources */ = {isa = PBXBuildFile; fileRef = 83B95D1324F6267B001ABB9D /* LoginVC.swift */; };
		83BA5D422514917500C3ED86 /* GetArtistProfileViewModel.swift in Sources */ = {isa = PBXBuildFile; fileRef = 83BA5D412514917500C3ED86 /* GetArtistProfileViewModel.swift */; };
		83BA5D442514919D00C3ED86 /* GetArtistModel.swift in Sources */ = {isa = PBXBuildFile; fileRef = 83BA5D432514919D00C3ED86 /* GetArtistModel.swift */; };
		83BA5D46251499A500C3ED86 /* SearchArtistByNameVC.swift in Sources */ = {isa = PBXBuildFile; fileRef = 83BA5D45251499A500C3ED86 /* SearchArtistByNameVC.swift */; };
		83BA5D4825149B8F00C3ED86 /* SearchArtistesdCustomCell.swift in Sources */ = {isa = PBXBuildFile; fileRef = 83BA5D4725149B8F00C3ED86 /* SearchArtistesdCustomCell.swift */; };
		83CA0EF6255D66150097B57C /* AddCardVC.swift in Sources */ = {isa = PBXBuildFile; fileRef = 83CA0EF5255D66150097B57C /* AddCardVC.swift */; };
		83CDC29C24F8BC850020E302 /* SignupVC.swift in Sources */ = {isa = PBXBuildFile; fileRef = 83CDC29B24F8BC850020E302 /* SignupVC.swift */; };
		83CDC2A224F8E38E0020E302 /* CurrentLocationExtension.swift in Sources */ = {isa = PBXBuildFile; fileRef = 83CDC29E24F8E38E0020E302 /* CurrentLocationExtension.swift */; };
		83CDC2A324F8E38E0020E302 /* Extension.swift in Sources */ = {isa = PBXBuildFile; fileRef = 83CDC29F24F8E38E0020E302 /* Extension.swift */; };
		83CDC2A424F8E38E0020E302 /* Helper.swift in Sources */ = {isa = PBXBuildFile; fileRef = 83CDC2A024F8E38E0020E302 /* Helper.swift */; };
		83CDC2A524F8E38E0020E302 /* extension+UIView.swift in Sources */ = {isa = PBXBuildFile; fileRef = 83CDC2A124F8E38E0020E302 /* extension+UIView.swift */; };
		83CDC2A724F8F46E0020E302 /* ApiManager.swift in Sources */ = {isa = PBXBuildFile; fileRef = 83CDC2A624F8F46E0020E302 /* ApiManager.swift */; };
		83CDC2AB24F8F93F0020E302 /* Dashboard.storyboard in Resources */ = {isa = PBXBuildFile; fileRef = 83CDC2AA24F8F93F0020E302 /* Dashboard.storyboard */; };
		83CDC2AD24F8FA7E0020E302 /* HOmeViewController.swift in Sources */ = {isa = PBXBuildFile; fileRef = 83CDC2AC24F8FA7E0020E302 /* HOmeViewController.swift */; };
		83CDC2C224F91C5A0020E302 /* Montserrat-LightItalic.ttf in Resources */ = {isa = PBXBuildFile; fileRef = 83CDC2AF24F91C5A0020E302 /* Montserrat-LightItalic.ttf */; };
		83CDC2C324F91C5A0020E302 /* Montserrat-Medium.ttf in Resources */ = {isa = PBXBuildFile; fileRef = 83CDC2B024F91C5A0020E302 /* Montserrat-Medium.ttf */; };
		83CDC2C424F91C5A0020E302 /* Montserrat-BoldItalic.ttf in Resources */ = {isa = PBXBuildFile; fileRef = 83CDC2B124F91C5A0020E302 /* Montserrat-BoldItalic.ttf */; };
		83CDC2C524F91C5A0020E302 /* Montserrat-Light.ttf in Resources */ = {isa = PBXBuildFile; fileRef = 83CDC2B224F91C5A0020E302 /* Montserrat-Light.ttf */; };
		83CDC2C624F91C5A0020E302 /* Montserrat-ThinItalic.ttf in Resources */ = {isa = PBXBuildFile; fileRef = 83CDC2B324F91C5A0020E302 /* Montserrat-ThinItalic.ttf */; };
		83CDC2C724F91C5A0020E302 /* Montserrat-ExtraLight.ttf in Resources */ = {isa = PBXBuildFile; fileRef = 83CDC2B424F91C5A0020E302 /* Montserrat-ExtraLight.ttf */; };
		83CDC2C824F91C5A0020E302 /* Montserrat-Thin.ttf in Resources */ = {isa = PBXBuildFile; fileRef = 83CDC2B524F91C5A0020E302 /* Montserrat-Thin.ttf */; };
		83CDC2C924F91C5A0020E302 /* Montserrat-Bold.ttf in Resources */ = {isa = PBXBuildFile; fileRef = 83CDC2B624F91C5A0020E302 /* Montserrat-Bold.ttf */; };
		83CDC2CA24F91C5A0020E302 /* Montserrat-MediumItalic.ttf in Resources */ = {isa = PBXBuildFile; fileRef = 83CDC2B724F91C5A0020E302 /* Montserrat-MediumItalic.ttf */; };
		83CDC2CB24F91C5A0020E302 /* Montserrat-BlackItalic.ttf in Resources */ = {isa = PBXBuildFile; fileRef = 83CDC2B824F91C5A0020E302 /* Montserrat-BlackItalic.ttf */; };
		83CDC2CC24F91C5A0020E302 /* Montserrat-SemiBold.ttf in Resources */ = {isa = PBXBuildFile; fileRef = 83CDC2B924F91C5A0020E302 /* Montserrat-SemiBold.ttf */; };
		83CDC2CD24F91C5A0020E302 /* Montserrat-ExtraLightItalic.ttf in Resources */ = {isa = PBXBuildFile; fileRef = 83CDC2BA24F91C5A0020E302 /* Montserrat-ExtraLightItalic.ttf */; };
		83CDC2CE24F91C5A0020E302 /* Montserrat-ExtraBold.ttf in Resources */ = {isa = PBXBuildFile; fileRef = 83CDC2BB24F91C5A0020E302 /* Montserrat-ExtraBold.ttf */; };
		83CDC2CF24F91C5A0020E302 /* OFL.txt in Resources */ = {isa = PBXBuildFile; fileRef = 83CDC2BC24F91C5A0020E302 /* OFL.txt */; };
		83CDC2D024F91C5A0020E302 /* Montserrat-Black.ttf in Resources */ = {isa = PBXBuildFile; fileRef = 83CDC2BD24F91C5A0020E302 /* Montserrat-Black.ttf */; };
		83CDC2D124F91C5A0020E302 /* Montserrat-Regular.ttf in Resources */ = {isa = PBXBuildFile; fileRef = 83CDC2BE24F91C5A0020E302 /* Montserrat-Regular.ttf */; };
		83CDC2D224F91C5A0020E302 /* Montserrat-Italic.ttf in Resources */ = {isa = PBXBuildFile; fileRef = 83CDC2BF24F91C5A0020E302 /* Montserrat-Italic.ttf */; };
		83CDC2D324F91C5A0020E302 /* Montserrat-SemiBoldItalic.ttf in Resources */ = {isa = PBXBuildFile; fileRef = 83CDC2C024F91C5A0020E302 /* Montserrat-SemiBoldItalic.ttf */; };
		83CDC2D424F91C5A0020E302 /* Montserrat-ExtraBoldItalic.ttf in Resources */ = {isa = PBXBuildFile; fileRef = 83CDC2C124F91C5A0020E302 /* Montserrat-ExtraBoldItalic.ttf */; };
		83CDC2D624F92CBA0020E302 /* SearchArtistVC.swift in Sources */ = {isa = PBXBuildFile; fileRef = 83CDC2D524F92CBA0020E302 /* SearchArtistVC.swift */; };
		83CDC2D824F92E160020E302 /* CustomSearchArtistCell.swift in Sources */ = {isa = PBXBuildFile; fileRef = 83CDC2D724F92E160020E302 /* CustomSearchArtistCell.swift */; };
		83CDC2DA24F935AE0020E302 /* UpdateLocationVC.swift in Sources */ = {isa = PBXBuildFile; fileRef = 83CDC2D924F935AE0020E302 /* UpdateLocationVC.swift */; };
		83CDC2DC24F957FF0020E302 /* FilterViewController.swift in Sources */ = {isa = PBXBuildFile; fileRef = 83CDC2DB24F957FF0020E302 /* FilterViewController.swift */; };
		83CE39B22510DDF7005E9CBC /* CustomManualAddressCell.swift in Sources */ = {isa = PBXBuildFile; fileRef = 83CE39B12510DDF7005E9CBC /* CustomManualAddressCell.swift */; };
		83D877642507618E00BFB6D1 /* HomeScreenViewModel.swift in Sources */ = {isa = PBXBuildFile; fileRef = 83D877632507618E00BFB6D1 /* HomeScreenViewModel.swift */; };
		83D877662507FFFE00BFB6D1 /* BookingListModelView.swift in Sources */ = {isa = PBXBuildFile; fileRef = 83D877652507FFFD00BFB6D1 /* BookingListModelView.swift */; };
		83D8776825089B8200BFB6D1 /* GetrtistListModel.swift in Sources */ = {isa = PBXBuildFile; fileRef = 83D8776725089B8200BFB6D1 /* GetrtistListModel.swift */; };
		83D8776A2509532200BFB6D1 /* HomeScreenModel.swift in Sources */ = {isa = PBXBuildFile; fileRef = 83D877692509532000BFB6D1 /* HomeScreenModel.swift */; };
		83D8776C2509579400BFB6D1 /* GetArtistListHomeModel.swift in Sources */ = {isa = PBXBuildFile; fileRef = 83D8776B2509579400BFB6D1 /* GetArtistListHomeModel.swift */; };
		83EA841624FAE530001510F5 /* ManageAddressVC.swift in Sources */ = {isa = PBXBuildFile; fileRef = 83EA841524FAE530001510F5 /* ManageAddressVC.swift */; };
		83F1BB6624FF79D2005B5FED /* Profile.storyboard in Resources */ = {isa = PBXBuildFile; fileRef = 83F1BB6524FF79D2005B5FED /* Profile.storyboard */; };
		83F1BB6824FF80E9005B5FED /* ProfileVC.swift in Sources */ = {isa = PBXBuildFile; fileRef = 83F1BB6724FF80E9005B5FED /* ProfileVC.swift */; };
		83F1BB6C24FF8B26005B5FED /* ProfileViewModel.swift in Sources */ = {isa = PBXBuildFile; fileRef = 83F1BB6B24FF8B26005B5FED /* ProfileViewModel.swift */; };
		83F1BB6E24FFA6D9005B5FED /* GetProfileModel.swift in Sources */ = {isa = PBXBuildFile; fileRef = 83F1BB6D24FFA6D9005B5FED /* GetProfileModel.swift */; };
		83F1BB7024FFAA4C005B5FED /* LoaderClass.swift in Sources */ = {isa = PBXBuildFile; fileRef = 83F1BB6F24FFAA4C005B5FED /* LoaderClass.swift */; };
/* End PBXBuildFile section */

/* Begin PBXFileReference section */
		0D5D5906255BFD86009D9623 /* Extention + LanguageConvert.swift */ = {isa = PBXFileReference; fileEncoding = 4; lastKnownFileType = sourcecode.swift; path = "Extention + LanguageConvert.swift"; sourceTree = "<group>"; };
		0D5D590C255BFFDF009D9623 /* en */ = {isa = PBXFileReference; lastKnownFileType = text.plist.strings; name = en; path = en.lproj/Localizable.strings; sourceTree = "<group>"; };
		0D5D590E255C0077009D9623 /* es */ = {isa = PBXFileReference; lastKnownFileType = text.plist.strings; name = es; path = es.lproj/Main.strings; sourceTree = "<group>"; };
		0D5D590F255C007A009D9623 /* es */ = {isa = PBXFileReference; lastKnownFileType = text.plist.strings; name = es; path = es.lproj/LaunchScreen.strings; sourceTree = "<group>"; };
		0D5D5910255C007E009D9623 /* es */ = {isa = PBXFileReference; lastKnownFileType = text.plist.strings; name = es; path = es.lproj/Localizable.strings; sourceTree = "<group>"; };
		0D5D5911255C0083009D9623 /* de */ = {isa = PBXFileReference; lastKnownFileType = text.plist.strings; name = de; path = de.lproj/Main.strings; sourceTree = "<group>"; };
		0D5D5912255C0087009D9623 /* de */ = {isa = PBXFileReference; lastKnownFileType = text.plist.strings; name = de; path = de.lproj/LaunchScreen.strings; sourceTree = "<group>"; };
		0D5D5913255C008B009D9623 /* de */ = {isa = PBXFileReference; lastKnownFileType = text.plist.strings; name = de; path = de.lproj/Localizable.strings; sourceTree = "<group>"; };
		0D5D5914255C0097009D9623 /* nl */ = {isa = PBXFileReference; lastKnownFileType = text.plist.strings; name = nl; path = nl.lproj/Main.strings; sourceTree = "<group>"; };
		0D5D5915255C0099009D9623 /* nl */ = {isa = PBXFileReference; lastKnownFileType = text.plist.strings; name = nl; path = nl.lproj/LaunchScreen.strings; sourceTree = "<group>"; };
		0D5D5917255C00A9009D9623 /* nl */ = {isa = PBXFileReference; lastKnownFileType = text.plist.strings; name = nl; path = nl.lproj/Localizable.strings; sourceTree = "<group>"; };
		0D5D5919255C00FD009D9623 /* en */ = {isa = PBXFileReference; lastKnownFileType = text.plist.strings; name = en; path = en.lproj/Main.strings; sourceTree = "<group>"; };
		0D5D591B255C0109009D9623 /* en */ = {isa = PBXFileReference; lastKnownFileType = text.plist.strings; name = en; path = en.lproj/LaunchScreen.strings; sourceTree = "<group>"; };
		0DAD1BCB2559200A00AFA29A /* LanguageVC.swift */ = {isa = PBXFileReference; fileEncoding = 4; lastKnownFileType = sourcecode.swift; path = LanguageVC.swift; sourceTree = "<group>"; };
		0DAD1BCD255933EC00AFA29A /* GetArtistDateList.swift */ = {isa = PBXFileReference; lastKnownFileType = sourcecode.swift; path = GetArtistDateList.swift; sourceTree = "<group>"; };
		0DAD1BCF255950E500AFA29A /* GoogleService-Info.plist */ = {isa = PBXFileReference; fileEncoding = 4; lastKnownFileType = text.plist.xml; path = "GoogleService-Info.plist"; sourceTree = "<group>"; };
		0DB6B2C1255960C40074DF6C /* nl */ = {isa = PBXFileReference; lastKnownFileType = text.plist.strings; name = nl; path = nl.lproj/Main.strings; sourceTree = "<group>"; };
		156C76C3EB7268A2E43496A2 /* Pods_SurpriseMe_User.framework */ = {isa = PBXFileReference; explicitFileType = wrapper.framework; includeInIndex = 0; path = Pods_SurpriseMe_User.framework; sourceTree = BUILT_PRODUCTS_DIR; };
		1868C0F025837C63005E0417 /* ChooseCurrencyVC.swift */ = {isa = PBXFileReference; lastKnownFileType = sourcecode.swift; path = ChooseCurrencyVC.swift; sourceTree = "<group>"; };
		6B2097EC0D952BA2867A9735 /* Pods-SurpriseMe User.debug.xcconfig */ = {isa = PBXFileReference; includeInIndex = 1; lastKnownFileType = text.xcconfig; name = "Pods-SurpriseMe User.debug.xcconfig"; path = "Target Support Files/Pods-SurpriseMe User/Pods-SurpriseMe User.debug.xcconfig"; sourceTree = "<group>"; };
		830CDDDC251DB58B002B9752 /* Extension + Date.swift */ = {isa = PBXFileReference; fileEncoding = 4; lastKnownFileType = sourcecode.swift; path = "Extension + Date.swift"; sourceTree = "<group>"; };
		830D4BAD251C6EF1002ABAC9 /* GetFreindListViewModel.swift */ = {isa = PBXFileReference; lastKnownFileType = sourcecode.swift; path = GetFreindListViewModel.swift; sourceTree = "<group>"; };
		830D4BAF251C70B9002ABAC9 /* ChatHistoryViewModel.swift */ = {isa = PBXFileReference; lastKnownFileType = sourcecode.swift; path = ChatHistoryViewModel.swift; sourceTree = "<group>"; };
		830D4BB5251C9933002ABAC9 /* GetFreindListModel.swift */ = {isa = PBXFileReference; lastKnownFileType = sourcecode.swift; path = GetFreindListModel.swift; sourceTree = "<group>"; };
		8317D9E72534BD9600F1086D /* SurpriseMe UserDebug.entitlements */ = {isa = PBXFileReference; lastKnownFileType = text.plist.entitlements; path = "SurpriseMe UserDebug.entitlements"; sourceTree = "<group>"; };
		8318183525307F980002FD2C /* ChangeNotificationModel.swift */ = {isa = PBXFileReference; lastKnownFileType = sourcecode.swift; path = ChangeNotificationModel.swift; sourceTree = "<group>"; };
		8318DA5A24FDFA70004F16EF /* UserDefaultKey.swift */ = {isa = PBXFileReference; fileEncoding = 4; lastKnownFileType = sourcecode.swift; path = UserDefaultKey.swift; sourceTree = "<group>"; };
		8318DA5D24FE001C004F16EF /* ForgetPasswordVC.swift */ = {isa = PBXFileReference; lastKnownFileType = sourcecode.swift; path = ForgetPasswordVC.swift; sourceTree = "<group>"; };
		8318DA5F24FE0410004F16EF /* ForgetPasswordViewModel.swift */ = {isa = PBXFileReference; lastKnownFileType = sourcecode.swift; path = ForgetPasswordViewModel.swift; sourceTree = "<group>"; };
		8318DA6224FE1355004F16EF /* ManageAddressViewModel.swift */ = {isa = PBXFileReference; lastKnownFileType = sourcecode.swift; path = ManageAddressViewModel.swift; sourceTree = "<group>"; };
		8318DA6424FE250C004F16EF /* ManageAddressModel.swift */ = {isa = PBXFileReference; lastKnownFileType = sourcecode.swift; path = ManageAddressModel.swift; sourceTree = "<group>"; };
		8322B3A8250E997700D1B3FA /* SelectDateVC.swift */ = {isa = PBXFileReference; lastKnownFileType = sourcecode.swift; path = SelectDateVC.swift; sourceTree = "<group>"; };
		8322B3AA250EAA6E00D1B3FA /* EditDateVC.swift */ = {isa = PBXFileReference; fileEncoding = 4; lastKnownFileType = sourcecode.swift; path = EditDateVC.swift; sourceTree = "<group>"; };
		8322B3AB250EAA6F00D1B3FA /* dateListCollectionViewCell.swift */ = {isa = PBXFileReference; fileEncoding = 4; lastKnownFileType = sourcecode.swift; path = dateListCollectionViewCell.swift; sourceTree = "<group>"; };
		8325DAAB250F63EB00A606DD /* GetBookingListModel.swift */ = {isa = PBXFileReference; lastKnownFileType = sourcecode.swift; path = GetBookingListModel.swift; sourceTree = "<group>"; };
		8325DAAE250FFAB300A606DD /* BookingStoreViewModel.swift */ = {isa = PBXFileReference; lastKnownFileType = sourcecode.swift; path = BookingStoreViewModel.swift; sourceTree = "<group>"; };
		832A359B251B2EA400587D8A /* ChangePasswordViewModel.swift */ = {isa = PBXFileReference; lastKnownFileType = sourcecode.swift; path = ChangePasswordViewModel.swift; sourceTree = "<group>"; };
		832C887624F4ED6C0003B10B /* SurpriseMe.app */ = {isa = PBXFileReference; explicitFileType = wrapper.application; includeInIndex = 0; path = SurpriseMe.app; sourceTree = BUILT_PRODUCTS_DIR; };
		832C887924F4ED6C0003B10B /* AppDelegate.swift */ = {isa = PBXFileReference; lastKnownFileType = sourcecode.swift; path = AppDelegate.swift; sourceTree = "<group>"; };
		832C887D24F4ED6C0003B10B /* ViewController.swift */ = {isa = PBXFileReference; lastKnownFileType = sourcecode.swift; path = ViewController.swift; sourceTree = "<group>"; };
		832C888024F4ED6C0003B10B /* Base */ = {isa = PBXFileReference; lastKnownFileType = file.storyboard; name = Base; path = Base.lproj/Main.storyboard; sourceTree = "<group>"; };
		832C888224F4ED6E0003B10B /* Assets.xcassets */ = {isa = PBXFileReference; lastKnownFileType = folder.assetcatalog; path = Assets.xcassets; sourceTree = "<group>"; };
		832C888524F4ED6E0003B10B /* Base */ = {isa = PBXFileReference; lastKnownFileType = file.storyboard; name = Base; path = Base.lproj/LaunchScreen.storyboard; sourceTree = "<group>"; };
		832C888724F4ED6E0003B10B /* Info.plist */ = {isa = PBXFileReference; lastKnownFileType = text.plist.xml; path = Info.plist; sourceTree = "<group>"; };
		832C888E24F5018D0003B10B /* WalkThroughVC.swift */ = {isa = PBXFileReference; lastKnownFileType = sourcecode.swift; path = WalkThroughVC.swift; sourceTree = "<group>"; };
		832C889124F503610003B10B /* CustomWalkThroughCell.swift */ = {isa = PBXFileReference; lastKnownFileType = sourcecode.swift; path = CustomWalkThroughCell.swift; sourceTree = "<group>"; };
		832C889524F529830003B10B /* SocialLoginVC.swift */ = {isa = PBXFileReference; lastKnownFileType = sourcecode.swift; path = SocialLoginVC.swift; sourceTree = "<group>"; };
		833C8C27255E4C7D00C88430 /* cardPaymentListCell.swift */ = {isa = PBXFileReference; fileEncoding = 4; lastKnownFileType = sourcecode.swift; path = cardPaymentListCell.swift; sourceTree = "<group>"; };
		833C8C28255E4C7D00C88430 /* CustomCardCollectionCell.swift */ = {isa = PBXFileReference; fileEncoding = 4; lastKnownFileType = sourcecode.swift; path = CustomCardCollectionCell.swift; sourceTree = "<group>"; };
		833C8C29255E4C7D00C88430 /* SelectPaymentVC.swift */ = {isa = PBXFileReference; fileEncoding = 4; lastKnownFileType = sourcecode.swift; path = SelectPaymentVC.swift; sourceTree = "<group>"; };
		833C8C2A255E4C7D00C88430 /* SelectPayMentTypeVC.swift */ = {isa = PBXFileReference; fileEncoding = 4; lastKnownFileType = sourcecode.swift; path = SelectPayMentTypeVC.swift; sourceTree = "<group>"; };
		833C8C2B255E4C7D00C88430 /* GetCardModel.swift */ = {isa = PBXFileReference; fileEncoding = 4; lastKnownFileType = sourcecode.swift; path = GetCardModel.swift; sourceTree = "<group>"; };
		833C8C2C255E4C7E00C88430 /* cardPaymentList.swift */ = {isa = PBXFileReference; fileEncoding = 4; lastKnownFileType = sourcecode.swift; path = cardPaymentList.swift; sourceTree = "<group>"; };
		833C8C2D255E4C7E00C88430 /* SuccessPaymentVC.swift */ = {isa = PBXFileReference; fileEncoding = 4; lastKnownFileType = sourcecode.swift; path = SuccessPaymentVC.swift; sourceTree = "<group>"; };
		833C8C2E255E4C7E00C88430 /* PagingCollectionViewLayout.swift */ = {isa = PBXFileReference; fileEncoding = 4; lastKnownFileType = sourcecode.swift; path = PagingCollectionViewLayout.swift; sourceTree = "<group>"; };
		833C8C2F255E4C7E00C88430 /* LoaderVC.swift */ = {isa = PBXFileReference; fileEncoding = 4; lastKnownFileType = sourcecode.swift; path = LoaderVC.swift; sourceTree = "<group>"; };
		833C8C39255E52EE00C88430 /* IdelPaymentVC.swift */ = {isa = PBXFileReference; fileEncoding = 4; lastKnownFileType = sourcecode.swift; path = IdelPaymentVC.swift; sourceTree = "<group>"; };
		833C8C3A255E52FB00C88430 /* IdelPaymentModel.swift */ = {isa = PBXFileReference; fileEncoding = 4; lastKnownFileType = sourcecode.swift; path = IdelPaymentModel.swift; sourceTree = "<group>"; };
		833D2807251D18E8002E654F /* GetUserChatListViewM.swift */ = {isa = PBXFileReference; lastKnownFileType = sourcecode.swift; path = GetUserChatListViewM.swift; sourceTree = "<group>"; };
		833F14DC252B255B0031FE67 /* RatingVC.swift */ = {isa = PBXFileReference; lastKnownFileType = sourcecode.swift; path = RatingVC.swift; sourceTree = "<group>"; };
		833F14DE252B3A680031FE67 /* NotificationViewModel.swift */ = {isa = PBXFileReference; lastKnownFileType = sourcecode.swift; path = NotificationViewModel.swift; sourceTree = "<group>"; };
		833F14E0252B67370031FE67 /* RatingViewModel.swift */ = {isa = PBXFileReference; lastKnownFileType = sourcecode.swift; path = RatingViewModel.swift; sourceTree = "<group>"; };
		833F14E4252C681E0031FE67 /* BookingDetailsModelView.swift */ = {isa = PBXFileReference; lastKnownFileType = sourcecode.swift; path = BookingDetailsModelView.swift; sourceTree = "<group>"; };
		83511CD925135E2700E9C501 /* ChangePasswordVC.swift */ = {isa = PBXFileReference; lastKnownFileType = sourcecode.swift; path = ChangePasswordVC.swift; sourceTree = "<group>"; };
		83511CDB2513694D00E9C501 /* SettingVC.swift */ = {isa = PBXFileReference; lastKnownFileType = sourcecode.swift; path = SettingVC.swift; sourceTree = "<group>"; };
		83511CDD2513884800E9C501 /* SearchArtistViewModel.swift */ = {isa = PBXFileReference; lastKnownFileType = sourcecode.swift; path = SearchArtistViewModel.swift; sourceTree = "<group>"; };
		83511CDF2513934B00E9C501 /* GetArtistCategoryVC.swift */ = {isa = PBXFileReference; lastKnownFileType = sourcecode.swift; path = GetArtistCategoryVC.swift; sourceTree = "<group>"; };
		83511CE1251398D600E9C501 /* CustomArtistCategoryCell.swift */ = {isa = PBXFileReference; lastKnownFileType = sourcecode.swift; path = CustomArtistCategoryCell.swift; sourceTree = "<group>"; };
		83511CE3251399F200E9C501 /* GetArtistViewModel.swift */ = {isa = PBXFileReference; lastKnownFileType = sourcecode.swift; path = GetArtistViewModel.swift; sourceTree = "<group>"; };
		83511CE52513E4B400E9C501 /* SearchArtistModel.swift */ = {isa = PBXFileReference; lastKnownFileType = sourcecode.swift; path = SearchArtistModel.swift; sourceTree = "<group>"; };
		83511CE72514000400E9C501 /* FilterArtistDataViewModel.swift */ = {isa = PBXFileReference; lastKnownFileType = sourcecode.swift; path = FilterArtistDataViewModel.swift; sourceTree = "<group>"; };
		83511CEA251400A300E9C501 /* FilterArtistDataModel.swift */ = {isa = PBXFileReference; lastKnownFileType = sourcecode.swift; path = FilterArtistDataModel.swift; sourceTree = "<group>"; };
		83511CED25145D0000E9C501 /* ViewProfileVC.swift */ = {isa = PBXFileReference; fileEncoding = 4; lastKnownFileType = sourcecode.swift; path = ViewProfileVC.swift; sourceTree = "<group>"; };
		83511CEE25145D0000E9C501 /* serviceCollectionViewCell.swift */ = {isa = PBXFileReference; fileEncoding = 4; lastKnownFileType = sourcecode.swift; path = serviceCollectionViewCell.swift; sourceTree = "<group>"; };
		83511CEF25145D0000E9C501 /* imageCollectionViewCell.swift */ = {isa = PBXFileReference; fileEncoding = 4; lastKnownFileType = sourcecode.swift; path = imageCollectionViewCell.swift; sourceTree = "<group>"; };
		83511CF025145D0000E9C501 /* showCollectionViewCell.swift */ = {isa = PBXFileReference; fileEncoding = 4; lastKnownFileType = sourcecode.swift; path = showCollectionViewCell.swift; sourceTree = "<group>"; };
		83511CF525146F1200E9C501 /* GetArtistCategoryModel.swift */ = {isa = PBXFileReference; lastKnownFileType = sourcecode.swift; path = GetArtistCategoryModel.swift; sourceTree = "<group>"; };
		83517502256FBBC700406FC2 /* SurpriseMeRelease.entitlements */ = {isa = PBXFileReference; lastKnownFileType = text.plist.entitlements; path = SurpriseMeRelease.entitlements; sourceTree = "<group>"; };
		83682EA3255BF8FB00C87A45 /* SchueduleVC.swift */ = {isa = PBXFileReference; fileEncoding = 4; lastKnownFileType = sourcecode.swift; path = SchueduleVC.swift; sourceTree = "<group>"; };
		838D0113257A5D8600F1062F /* ZFRippleButton.swift */ = {isa = PBXFileReference; fileEncoding = 4; lastKnownFileType = sourcecode.swift; path = ZFRippleButton.swift; sourceTree = "<group>"; };
		8391ACD824FCEABA008C04D3 /* customTabBar.swift */ = {isa = PBXFileReference; fileEncoding = 4; lastKnownFileType = sourcecode.swift; path = customTabBar.swift; sourceTree = "<group>"; };
		8391ACDC24FD194B008C04D3 /* InternetConnection.swift */ = {isa = PBXFileReference; fileEncoding = 4; lastKnownFileType = sourcecode.swift; path = InternetConnection.swift; sourceTree = "<group>"; };
		8391ACDE24FD1AAE008C04D3 /* SignupViewModel.swift */ = {isa = PBXFileReference; lastKnownFileType = sourcecode.swift; path = SignupViewModel.swift; sourceTree = "<group>"; };
		8391ACE024FD1B64008C04D3 /* SignupModel.swift */ = {isa = PBXFileReference; lastKnownFileType = sourcecode.swift; path = SignupModel.swift; sourceTree = "<group>"; };
		8391ACE424FD6A8D008C04D3 /* LoginViewModel.swift */ = {isa = PBXFileReference; lastKnownFileType = sourcecode.swift; path = LoginViewModel.swift; sourceTree = "<group>"; };
		839EDA61250E59AF00230F1C /* ScheduleBookingVC.swift */ = {isa = PBXFileReference; lastKnownFileType = sourcecode.swift; path = ScheduleBookingVC.swift; sourceTree = "<group>"; };
		83A3A992251B603C00269F55 /* SocketConnectionManager.swift */ = {isa = PBXFileReference; fileEncoding = 4; lastKnownFileType = sourcecode.swift; path = SocketConnectionManager.swift; sourceTree = "<group>"; };
		83AB5FE02557FED70087515B /* ReviewVC.swift */ = {isa = PBXFileReference; fileEncoding = 4; lastKnownFileType = sourcecode.swift; path = ReviewVC.swift; sourceTree = "<group>"; };
		83AB5FE22557FF2A0087515B /* ReviewTableViewCell.swift */ = {isa = PBXFileReference; fileEncoding = 4; lastKnownFileType = sourcecode.swift; path = ReviewTableViewCell.swift; sourceTree = "<group>"; };
		83AB5FE42557FF550087515B /* ReviewRatingModel.swift */ = {isa = PBXFileReference; fileEncoding = 4; lastKnownFileType = sourcecode.swift; path = ReviewRatingModel.swift; sourceTree = "<group>"; };
		83AB5FE62557FF680087515B /* ReviewRatingViewModel.swift */ = {isa = PBXFileReference; fileEncoding = 4; lastKnownFileType = sourcecode.swift; path = ReviewRatingViewModel.swift; sourceTree = "<group>"; };
		83AD65EF252C7F0600B10EAA /* NotificationModel.swift */ = {isa = PBXFileReference; lastKnownFileType = sourcecode.swift; path = NotificationModel.swift; sourceTree = "<group>"; };
		83AD65F1252CAEAB00B10EAA /* BookingDetailsModel.swift */ = {isa = PBXFileReference; lastKnownFileType = sourcecode.swift; path = BookingDetailsModel.swift; sourceTree = "<group>"; };
		83B2F26A24FB9FF40041A762 /* recievedTableViewCell.swift */ = {isa = PBXFileReference; fileEncoding = 4; lastKnownFileType = sourcecode.swift; path = recievedTableViewCell.swift; sourceTree = "<group>"; };
		83B2F26B24FB9FF40041A762 /* FriendMsgVC.swift */ = {isa = PBXFileReference; fileEncoding = 4; lastKnownFileType = sourcecode.swift; path = FriendMsgVC.swift; sourceTree = "<group>"; };
		83B2F26C24FB9FF40041A762 /* sendTableViewCell.swift */ = {isa = PBXFileReference; fileEncoding = 4; lastKnownFileType = sourcecode.swift; path = sendTableViewCell.swift; sourceTree = "<group>"; };
		83B2F26D24FB9FF40041A762 /* typingTableViewCell.swift */ = {isa = PBXFileReference; fileEncoding = 4; lastKnownFileType = sourcecode.swift; path = typingTableViewCell.swift; sourceTree = "<group>"; };
		83B2F26F24FB9FF40041A762 /* Chat.storyboard */ = {isa = PBXFileReference; fileEncoding = 4; lastKnownFileType = file.storyboard; path = Chat.storyboard; sourceTree = "<group>"; };
		83B2F27124FB9FF40041A762 /* MessageTableViewCell.swift */ = {isa = PBXFileReference; fileEncoding = 4; lastKnownFileType = sourcecode.swift; path = MessageTableViewCell.swift; sourceTree = "<group>"; };
		83B2F27224FB9FF40041A762 /* FriendListVC.swift */ = {isa = PBXFileReference; fileEncoding = 4; lastKnownFileType = sourcecode.swift; path = FriendListVC.swift; sourceTree = "<group>"; };
		83B2F27C24FBA6670041A762 /* BookingDetailVC.swift */ = {isa = PBXFileReference; fileEncoding = 4; lastKnownFileType = sourcecode.swift; path = BookingDetailVC.swift; sourceTree = "<group>"; };
		83B2F27E24FBA6670041A762 /* BookingDetail.storyboard */ = {isa = PBXFileReference; fileEncoding = 4; lastKnownFileType = file.storyboard; path = BookingDetail.storyboard; sourceTree = "<group>"; };
		83B2F28024FBA6670041A762 /* FilterVC.swift */ = {isa = PBXFileReference; fileEncoding = 4; lastKnownFileType = sourcecode.swift; path = FilterVC.swift; sourceTree = "<group>"; };
		83B2F28224FBA6670041A762 /* BookingVC.swift */ = {isa = PBXFileReference; fileEncoding = 4; lastKnownFileType = sourcecode.swift; path = BookingVC.swift; sourceTree = "<group>"; };
		83B2F28324FBA6670041A762 /* BookingTableViewCell.swift */ = {isa = PBXFileReference; fileEncoding = 4; lastKnownFileType = sourcecode.swift; path = BookingTableViewCell.swift; sourceTree = "<group>"; };
		83B2F28A24FBB3600041A762 /* NotificationVC.swift */ = {isa = PBXFileReference; fileEncoding = 4; lastKnownFileType = sourcecode.swift; path = NotificationVC.swift; sourceTree = "<group>"; };
		83B2F28B24FBB3600041A762 /* NotificationTableViewCell.swift */ = {isa = PBXFileReference; fileEncoding = 4; lastKnownFileType = sourcecode.swift; path = NotificationTableViewCell.swift; sourceTree = "<group>"; };
		83B2F28E24FC208E0041A762 /* CustomManageAddressCell.swift */ = {isa = PBXFileReference; lastKnownFileType = sourcecode.swift; path = CustomManageAddressCell.swift; sourceTree = "<group>"; };
		83B2F29024FC20AE0041A762 /* CustomHeaderAddressCell.swift */ = {isa = PBXFileReference; lastKnownFileType = sourcecode.swift; path = CustomHeaderAddressCell.swift; sourceTree = "<group>"; };
		83B2F29224FC2CB40041A762 /* SelectAddressTypeVC.swift */ = {isa = PBXFileReference; lastKnownFileType = sourcecode.swift; path = SelectAddressTypeVC.swift; sourceTree = "<group>"; };
		83B2F29424FC2DEE0041A762 /* SelectAddressVC.swift */ = {isa = PBXFileReference; lastKnownFileType = sourcecode.swift; path = SelectAddressVC.swift; sourceTree = "<group>"; };
		83B2F29624FC32E50041A762 /* ManualAddressVC.swift */ = {isa = PBXFileReference; lastKnownFileType = sourcecode.swift; path = ManualAddressVC.swift; sourceTree = "<group>"; };
		83B2F29824FC3AC40041A762 /* TermsProfileVC.swift */ = {isa = PBXFileReference; fileEncoding = 4; lastKnownFileType = sourcecode.swift; path = TermsProfileVC.swift; sourceTree = "<group>"; };
		83B95D1324F6267B001ABB9D /* LoginVC.swift */ = {isa = PBXFileReference; lastKnownFileType = sourcecode.swift; path = LoginVC.swift; sourceTree = "<group>"; };
		83BA5D412514917500C3ED86 /* GetArtistProfileViewModel.swift */ = {isa = PBXFileReference; lastKnownFileType = sourcecode.swift; path = GetArtistProfileViewModel.swift; sourceTree = "<group>"; };
		83BA5D432514919D00C3ED86 /* GetArtistModel.swift */ = {isa = PBXFileReference; lastKnownFileType = sourcecode.swift; path = GetArtistModel.swift; sourceTree = "<group>"; };
		83BA5D45251499A500C3ED86 /* SearchArtistByNameVC.swift */ = {isa = PBXFileReference; lastKnownFileType = sourcecode.swift; path = SearchArtistByNameVC.swift; sourceTree = "<group>"; };
		83BA5D4725149B8F00C3ED86 /* SearchArtistesdCustomCell.swift */ = {isa = PBXFileReference; lastKnownFileType = sourcecode.swift; path = SearchArtistesdCustomCell.swift; sourceTree = "<group>"; };
		83CA0EF5255D66150097B57C /* AddCardVC.swift */ = {isa = PBXFileReference; fileEncoding = 4; lastKnownFileType = sourcecode.swift; path = AddCardVC.swift; sourceTree = "<group>"; };
		83CDC29B24F8BC850020E302 /* SignupVC.swift */ = {isa = PBXFileReference; lastKnownFileType = sourcecode.swift; path = SignupVC.swift; sourceTree = "<group>"; };
		83CDC29E24F8E38E0020E302 /* CurrentLocationExtension.swift */ = {isa = PBXFileReference; fileEncoding = 4; lastKnownFileType = sourcecode.swift; path = CurrentLocationExtension.swift; sourceTree = "<group>"; };
		83CDC29F24F8E38E0020E302 /* Extension.swift */ = {isa = PBXFileReference; fileEncoding = 4; lastKnownFileType = sourcecode.swift; path = Extension.swift; sourceTree = "<group>"; };
		83CDC2A024F8E38E0020E302 /* Helper.swift */ = {isa = PBXFileReference; fileEncoding = 4; lastKnownFileType = sourcecode.swift; path = Helper.swift; sourceTree = "<group>"; };
		83CDC2A124F8E38E0020E302 /* extension+UIView.swift */ = {isa = PBXFileReference; fileEncoding = 4; lastKnownFileType = sourcecode.swift; path = "extension+UIView.swift"; sourceTree = "<group>"; };
		83CDC2A624F8F46E0020E302 /* ApiManager.swift */ = {isa = PBXFileReference; fileEncoding = 4; lastKnownFileType = sourcecode.swift; path = ApiManager.swift; sourceTree = "<group>"; };
		83CDC2AA24F8F93F0020E302 /* Dashboard.storyboard */ = {isa = PBXFileReference; lastKnownFileType = file.storyboard; path = Dashboard.storyboard; sourceTree = "<group>"; };
		83CDC2AC24F8FA7E0020E302 /* HOmeViewController.swift */ = {isa = PBXFileReference; fileEncoding = 4; lastKnownFileType = sourcecode.swift; path = HOmeViewController.swift; sourceTree = "<group>"; };
		83CDC2AF24F91C5A0020E302 /* Montserrat-LightItalic.ttf */ = {isa = PBXFileReference; lastKnownFileType = file; path = "Montserrat-LightItalic.ttf"; sourceTree = "<group>"; };
		83CDC2B024F91C5A0020E302 /* Montserrat-Medium.ttf */ = {isa = PBXFileReference; lastKnownFileType = file; path = "Montserrat-Medium.ttf"; sourceTree = "<group>"; };
		83CDC2B124F91C5A0020E302 /* Montserrat-BoldItalic.ttf */ = {isa = PBXFileReference; lastKnownFileType = file; path = "Montserrat-BoldItalic.ttf"; sourceTree = "<group>"; };
		83CDC2B224F91C5A0020E302 /* Montserrat-Light.ttf */ = {isa = PBXFileReference; lastKnownFileType = file; path = "Montserrat-Light.ttf"; sourceTree = "<group>"; };
		83CDC2B324F91C5A0020E302 /* Montserrat-ThinItalic.ttf */ = {isa = PBXFileReference; lastKnownFileType = file; path = "Montserrat-ThinItalic.ttf"; sourceTree = "<group>"; };
		83CDC2B424F91C5A0020E302 /* Montserrat-ExtraLight.ttf */ = {isa = PBXFileReference; lastKnownFileType = file; path = "Montserrat-ExtraLight.ttf"; sourceTree = "<group>"; };
		83CDC2B524F91C5A0020E302 /* Montserrat-Thin.ttf */ = {isa = PBXFileReference; lastKnownFileType = file; path = "Montserrat-Thin.ttf"; sourceTree = "<group>"; };
		83CDC2B624F91C5A0020E302 /* Montserrat-Bold.ttf */ = {isa = PBXFileReference; lastKnownFileType = file; path = "Montserrat-Bold.ttf"; sourceTree = "<group>"; };
		83CDC2B724F91C5A0020E302 /* Montserrat-MediumItalic.ttf */ = {isa = PBXFileReference; lastKnownFileType = file; path = "Montserrat-MediumItalic.ttf"; sourceTree = "<group>"; };
		83CDC2B824F91C5A0020E302 /* Montserrat-BlackItalic.ttf */ = {isa = PBXFileReference; lastKnownFileType = file; path = "Montserrat-BlackItalic.ttf"; sourceTree = "<group>"; };
		83CDC2B924F91C5A0020E302 /* Montserrat-SemiBold.ttf */ = {isa = PBXFileReference; lastKnownFileType = file; path = "Montserrat-SemiBold.ttf"; sourceTree = "<group>"; };
		83CDC2BA24F91C5A0020E302 /* Montserrat-ExtraLightItalic.ttf */ = {isa = PBXFileReference; lastKnownFileType = file; path = "Montserrat-ExtraLightItalic.ttf"; sourceTree = "<group>"; };
		83CDC2BB24F91C5A0020E302 /* Montserrat-ExtraBold.ttf */ = {isa = PBXFileReference; lastKnownFileType = file; path = "Montserrat-ExtraBold.ttf"; sourceTree = "<group>"; };
		83CDC2BC24F91C5A0020E302 /* OFL.txt */ = {isa = PBXFileReference; fileEncoding = 4; lastKnownFileType = text; path = OFL.txt; sourceTree = "<group>"; };
		83CDC2BD24F91C5A0020E302 /* Montserrat-Black.ttf */ = {isa = PBXFileReference; lastKnownFileType = file; path = "Montserrat-Black.ttf"; sourceTree = "<group>"; };
		83CDC2BE24F91C5A0020E302 /* Montserrat-Regular.ttf */ = {isa = PBXFileReference; lastKnownFileType = file; path = "Montserrat-Regular.ttf"; sourceTree = "<group>"; };
		83CDC2BF24F91C5A0020E302 /* Montserrat-Italic.ttf */ = {isa = PBXFileReference; lastKnownFileType = file; path = "Montserrat-Italic.ttf"; sourceTree = "<group>"; };
		83CDC2C024F91C5A0020E302 /* Montserrat-SemiBoldItalic.ttf */ = {isa = PBXFileReference; lastKnownFileType = file; path = "Montserrat-SemiBoldItalic.ttf"; sourceTree = "<group>"; };
		83CDC2C124F91C5A0020E302 /* Montserrat-ExtraBoldItalic.ttf */ = {isa = PBXFileReference; lastKnownFileType = file; path = "Montserrat-ExtraBoldItalic.ttf"; sourceTree = "<group>"; };
		83CDC2D524F92CBA0020E302 /* SearchArtistVC.swift */ = {isa = PBXFileReference; lastKnownFileType = sourcecode.swift; path = SearchArtistVC.swift; sourceTree = "<group>"; };
		83CDC2D724F92E160020E302 /* CustomSearchArtistCell.swift */ = {isa = PBXFileReference; lastKnownFileType = sourcecode.swift; path = CustomSearchArtistCell.swift; sourceTree = "<group>"; };
		83CDC2D924F935AE0020E302 /* UpdateLocationVC.swift */ = {isa = PBXFileReference; lastKnownFileType = sourcecode.swift; path = UpdateLocationVC.swift; sourceTree = "<group>"; };
		83CDC2DB24F957FF0020E302 /* FilterViewController.swift */ = {isa = PBXFileReference; fileEncoding = 4; lastKnownFileType = sourcecode.swift; path = FilterViewController.swift; sourceTree = "<group>"; };
		83CE39B12510DDF7005E9CBC /* CustomManualAddressCell.swift */ = {isa = PBXFileReference; lastKnownFileType = sourcecode.swift; path = CustomManualAddressCell.swift; sourceTree = "<group>"; };
		83D877632507618E00BFB6D1 /* HomeScreenViewModel.swift */ = {isa = PBXFileReference; lastKnownFileType = sourcecode.swift; path = HomeScreenViewModel.swift; sourceTree = "<group>"; };
		83D877652507FFFD00BFB6D1 /* BookingListModelView.swift */ = {isa = PBXFileReference; lastKnownFileType = sourcecode.swift; path = BookingListModelView.swift; sourceTree = "<group>"; };
		83D8776725089B8200BFB6D1 /* GetrtistListModel.swift */ = {isa = PBXFileReference; lastKnownFileType = sourcecode.swift; path = GetrtistListModel.swift; sourceTree = "<group>"; };
		83D877692509532000BFB6D1 /* HomeScreenModel.swift */ = {isa = PBXFileReference; lastKnownFileType = sourcecode.swift; path = HomeScreenModel.swift; sourceTree = "<group>"; };
		83D8776B2509579400BFB6D1 /* GetArtistListHomeModel.swift */ = {isa = PBXFileReference; lastKnownFileType = sourcecode.swift; path = GetArtistListHomeModel.swift; sourceTree = "<group>"; };
		83EA841524FAE530001510F5 /* ManageAddressVC.swift */ = {isa = PBXFileReference; lastKnownFileType = sourcecode.swift; path = ManageAddressVC.swift; sourceTree = "<group>"; };
		83F1BB6524FF79D2005B5FED /* Profile.storyboard */ = {isa = PBXFileReference; lastKnownFileType = file.storyboard; path = Profile.storyboard; sourceTree = "<group>"; };
		83F1BB6724FF80E9005B5FED /* ProfileVC.swift */ = {isa = PBXFileReference; lastKnownFileType = sourcecode.swift; path = ProfileVC.swift; sourceTree = "<group>"; };
		83F1BB6B24FF8B26005B5FED /* ProfileViewModel.swift */ = {isa = PBXFileReference; lastKnownFileType = sourcecode.swift; path = ProfileViewModel.swift; sourceTree = "<group>"; };
		83F1BB6D24FFA6D9005B5FED /* GetProfileModel.swift */ = {isa = PBXFileReference; lastKnownFileType = sourcecode.swift; path = GetProfileModel.swift; sourceTree = "<group>"; };
		83F1BB6F24FFAA4C005B5FED /* LoaderClass.swift */ = {isa = PBXFileReference; lastKnownFileType = sourcecode.swift; path = LoaderClass.swift; sourceTree = "<group>"; };
		8D79C18DFC0374C660B69917 /* Pods-SurpriseMe User.release.xcconfig */ = {isa = PBXFileReference; includeInIndex = 1; lastKnownFileType = text.xcconfig; name = "Pods-SurpriseMe User.release.xcconfig"; path = "Target Support Files/Pods-SurpriseMe User/Pods-SurpriseMe User.release.xcconfig"; sourceTree = "<group>"; };
/* End PBXFileReference section */

/* Begin PBXFrameworksBuildPhase section */
		832C887324F4ED6C0003B10B /* Frameworks */ = {
			isa = PBXFrameworksBuildPhase;
			buildActionMask = 2147483647;
			files = (
				61BD5B2F786B2C19D79141B4 /* Pods_SurpriseMe_User.framework in Frameworks */,
			);
			runOnlyForDeploymentPostprocessing = 0;
		};
/* End PBXFrameworksBuildPhase section */

/* Begin PBXGroup section */
		0D5D5908255BFF82009D9623 /* Localizable */ = {
			isa = PBXGroup;
			children = (
				0D5D590D255BFFDF009D9623 /* Localizable.strings */,
			);
			path = Localizable;
			sourceTree = "<group>";
		};
		1868C0EF25837C42005E0417 /* ChooseCurrencyVC */ = {
			isa = PBXGroup;
			children = (
				1868C0F025837C63005E0417 /* ChooseCurrencyVC.swift */,
			);
			path = ChooseCurrencyVC;
			sourceTree = "<group>";
		};
		4D3FE7FEEE2B59DA1C2D1565 /* Frameworks */ = {
			isa = PBXGroup;
			children = (
				156C76C3EB7268A2E43496A2 /* Pods_SurpriseMe_User.framework */,
			);
			name = Frameworks;
			sourceTree = "<group>";
		};
		8318DA5C24FDFFF8004F16EF /* Forget Password Module */ = {
			isa = PBXGroup;
			children = (
				8318DA5D24FE001C004F16EF /* ForgetPasswordVC.swift */,
				8318DA5F24FE0410004F16EF /* ForgetPasswordViewModel.swift */,
			);
			path = "Forget Password Module";
			sourceTree = "<group>";
		};
		8318DA6124FE1332004F16EF /* Manage Address Module */ = {
			isa = PBXGroup;
			children = (
				83EA841524FAE530001510F5 /* ManageAddressVC.swift */,
				8318DA6224FE1355004F16EF /* ManageAddressViewModel.swift */,
				8318DA6424FE250C004F16EF /* ManageAddressModel.swift */,
				83D8776725089B8200BFB6D1 /* GetrtistListModel.swift */,
				83D877692509532000BFB6D1 /* HomeScreenModel.swift */,
				83D8776B2509579400BFB6D1 /* GetArtistListHomeModel.swift */,
				8322B3A8250E997700D1B3FA /* SelectDateVC.swift */,
				83511CE3251399F200E9C501 /* GetArtistViewModel.swift */,
				83511CE52513E4B400E9C501 /* SearchArtistModel.swift */,
				83BA5D4725149B8F00C3ED86 /* SearchArtistesdCustomCell.swift */,
			);
			path = "Manage Address Module";
			sourceTree = "<group>";
		};
		8325DAAD250FFA8D00A606DD /* BookingStore */ = {
			isa = PBXGroup;
			children = (
				8325DAAE250FFAB300A606DD /* BookingStoreViewModel.swift */,
			);
			path = BookingStore;
			sourceTree = "<group>";
		};
		832A3597251B1CE600587D8A /* Socket Manager */ = {
			isa = PBXGroup;
			children = (
				838D0113257A5D8600F1062F /* ZFRippleButton.swift */,
				830CDDDC251DB58B002B9752 /* Extension + Date.swift */,
				83A3A992251B603C00269F55 /* SocketConnectionManager.swift */,
			);
			path = "Socket Manager";
			sourceTree = "<group>";
		};
		832A359A251B2E2A00587D8A /* Change Password */ = {
			isa = PBXGroup;
			children = (
				83511CD925135E2700E9C501 /* ChangePasswordVC.swift */,
				832A359B251B2EA400587D8A /* ChangePasswordViewModel.swift */,
			);
			path = "Change Password";
			sourceTree = "<group>";
		};
		832C886D24F4ED6B0003B10B = {
			isa = PBXGroup;
			children = (
				832C887824F4ED6C0003B10B /* SurpriseMe User */,
				832C887724F4ED6C0003B10B /* Products */,
				BB67649148952091621CD1BA /* Pods */,
				4D3FE7FEEE2B59DA1C2D1565 /* Frameworks */,
			);
			sourceTree = "<group>";
		};
		832C887724F4ED6C0003B10B /* Products */ = {
			isa = PBXGroup;
			children = (
				832C887624F4ED6C0003B10B /* SurpriseMe.app */,
			);
			name = Products;
			sourceTree = "<group>";
		};
		832C887824F4ED6C0003B10B /* SurpriseMe User */ = {
			isa = PBXGroup;
			children = (
				83517502256FBBC700406FC2 /* SurpriseMeRelease.entitlements */,
				0D5D5908255BFF82009D9623 /* Localizable */,
				8317D9E72534BD9600F1086D /* SurpriseMe UserDebug.entitlements */,
				832A3597251B1CE600587D8A /* Socket Manager */,
				833C8C26255E4C7D00C88430 /* Payment Module */,
				83F1BB6424FF7961005B5FED /* Profile */,
				83B2F27A24FBA6670041A762 /* BookingDetails */,
				83B2F26824FB9FF40041A762 /* Chat */,
				83CDC2A924F8F9210020E302 /* Dashboard */,
				83CDC2A824F8F4720020E302 /* API Manager */,
				83CDC29D24F8E38E0020E302 /* Common Classes */,
				83C188AF24F6F2DD00BF437E /* Tab Bar Controller */,
				832C889424F529590003B10B /* Authentication Module */,
				832C888D24F501630003B10B /* WalkThrough Module */,
				832C887924F4ED6C0003B10B /* AppDelegate.swift */,
				832C887D24F4ED6C0003B10B /* ViewController.swift */,
				832C888224F4ED6E0003B10B /* Assets.xcassets */,
				832C888424F4ED6E0003B10B /* LaunchScreen.storyboard */,
				0DAD1BCF255950E500AFA29A /* GoogleService-Info.plist */,
				832C888724F4ED6E0003B10B /* Info.plist */,
			);
			path = "SurpriseMe User";
			sourceTree = "<group>";
		};
		832C888D24F501630003B10B /* WalkThrough Module */ = {
			isa = PBXGroup;
			children = (
				832C889024F5032F0003B10B /* CollectionView Cell */,
				832C888E24F5018D0003B10B /* WalkThroughVC.swift */,
			);
			path = "WalkThrough Module";
			sourceTree = "<group>";
		};
		832C889024F5032F0003B10B /* CollectionView Cell */ = {
			isa = PBXGroup;
			children = (
				832C889124F503610003B10B /* CustomWalkThroughCell.swift */,
			);
			path = "CollectionView Cell";
			sourceTree = "<group>";
		};
		832C889424F529590003B10B /* Authentication Module */ = {
			isa = PBXGroup;
			children = (
				8318DA5C24FDFFF8004F16EF /* Forget Password Module */,
				8391ACE324FD6A5F008C04D3 /* Login Module */,
				8391ACE224FD699E008C04D3 /* SignUp Module */,
				832C889524F529830003B10B /* SocialLoginVC.swift */,
				83B2F29824FC3AC40041A762 /* TermsProfileVC.swift */,
				832C887F24F4ED6C0003B10B /* Main.storyboard */,
				83F1BB6F24FFAA4C005B5FED /* LoaderClass.swift */,
			);
			path = "Authentication Module";
			sourceTree = "<group>";
		};
		833C8C26255E4C7D00C88430 /* Payment Module */ = {
			isa = PBXGroup;
			children = (
				833C8C27255E4C7D00C88430 /* cardPaymentListCell.swift */,
				833C8C28255E4C7D00C88430 /* CustomCardCollectionCell.swift */,
				833C8C29255E4C7D00C88430 /* SelectPaymentVC.swift */,
				833C8C2A255E4C7D00C88430 /* SelectPayMentTypeVC.swift */,
				833C8C2B255E4C7D00C88430 /* GetCardModel.swift */,
				833C8C2C255E4C7E00C88430 /* cardPaymentList.swift */,
				833C8C2D255E4C7E00C88430 /* SuccessPaymentVC.swift */,
				833C8C2E255E4C7E00C88430 /* PagingCollectionViewLayout.swift */,
				833C8C2F255E4C7E00C88430 /* LoaderVC.swift */,
			);
			path = "Payment Module";
			sourceTree = "<group>";
		};
		833F14DB252B25370031FE67 /* Rating */ = {
			isa = PBXGroup;
			children = (
				833F14DC252B255B0031FE67 /* RatingVC.swift */,
				833F14E0252B67370031FE67 /* RatingViewModel.swift */,
			);
			path = Rating;
			sourceTree = "<group>";
		};
		83511CE92514005E00E9C501 /* FilterArtistData */ = {
			isa = PBXGroup;
			children = (
				83511CE72514000400E9C501 /* FilterArtistDataViewModel.swift */,
				83CDC2DB24F957FF0020E302 /* FilterViewController.swift */,
				83511CEA251400A300E9C501 /* FilterArtistDataModel.swift */,
			);
			path = FilterArtistData;
			sourceTree = "<group>";
		};
		83511CEC25145D0000E9C501 /* ViewProfileVC */ = {
			isa = PBXGroup;
			children = (
				83511CED25145D0000E9C501 /* ViewProfileVC.swift */,
				83511CEE25145D0000E9C501 /* serviceCollectionViewCell.swift */,
				83511CEF25145D0000E9C501 /* imageCollectionViewCell.swift */,
				83511CF025145D0000E9C501 /* showCollectionViewCell.swift */,
				83BA5D412514917500C3ED86 /* GetArtistProfileViewModel.swift */,
				83BA5D432514919D00C3ED86 /* GetArtistModel.swift */,
			);
			path = ViewProfileVC;
			sourceTree = "<group>";
		};
		8391ACE224FD699E008C04D3 /* SignUp Module */ = {
			isa = PBXGroup;
			children = (
				83CDC29B24F8BC850020E302 /* SignupVC.swift */,
				8391ACDE24FD1AAE008C04D3 /* SignupViewModel.swift */,
				8391ACE024FD1B64008C04D3 /* SignupModel.swift */,
			);
			path = "SignUp Module";
			sourceTree = "<group>";
		};
		8391ACE324FD6A5F008C04D3 /* Login Module */ = {
			isa = PBXGroup;
			children = (
				83B95D1324F6267B001ABB9D /* LoginVC.swift */,
				8391ACE424FD6A8D008C04D3 /* LoginViewModel.swift */,
			);
			path = "Login Module";
			sourceTree = "<group>";
		};
		83B2F26824FB9FF40041A762 /* Chat */ = {
			isa = PBXGroup;
			children = (
				83B2F26924FB9FF40041A762 /* FriendMsgVC */,
				83B2F26E24FB9FF40041A762 /* Storyboard */,
				83B2F27024FB9FF40041A762 /* FriendListVC */,
			);
			path = Chat;
			sourceTree = "<group>";
		};
		83B2F26924FB9FF40041A762 /* FriendMsgVC */ = {
			isa = PBXGroup;
			children = (
				83B2F26A24FB9FF40041A762 /* recievedTableViewCell.swift */,
				83B2F26B24FB9FF40041A762 /* FriendMsgVC.swift */,
				83B2F26C24FB9FF40041A762 /* sendTableViewCell.swift */,
				830D4BAD251C6EF1002ABAC9 /* GetFreindListViewModel.swift */,
				830D4BAF251C70B9002ABAC9 /* ChatHistoryViewModel.swift */,
				83B2F26D24FB9FF40041A762 /* typingTableViewCell.swift */,
			);
			path = FriendMsgVC;
			sourceTree = "<group>";
		};
		83B2F26E24FB9FF40041A762 /* Storyboard */ = {
			isa = PBXGroup;
			children = (
				83B2F26F24FB9FF40041A762 /* Chat.storyboard */,
			);
			path = Storyboard;
			sourceTree = "<group>";
		};
		83B2F27024FB9FF40041A762 /* FriendListVC */ = {
			isa = PBXGroup;
			children = (
				83B2F27124FB9FF40041A762 /* MessageTableViewCell.swift */,
				83B2F27224FB9FF40041A762 /* FriendListVC.swift */,
				830D4BB5251C9933002ABAC9 /* GetFreindListModel.swift */,
				833D2807251D18E8002E654F /* GetUserChatListViewM.swift */,
			);
			path = FriendListVC;
			sourceTree = "<group>";
		};
		83B2F27A24FBA6670041A762 /* BookingDetails */ = {
			isa = PBXGroup;
			children = (
				833F14DB252B25370031FE67 /* Rating */,
				83B2F27B24FBA6670041A762 /* BookingDetailVC */,
				83B2F27D24FBA6670041A762 /* StoryBoard */,
				83B2F27F24FBA6670041A762 /* FilterVC */,
				83B2F28124FBA6670041A762 /* BookingVC */,
			);
			path = BookingDetails;
			sourceTree = "<group>";
		};
		83B2F27B24FBA6670041A762 /* BookingDetailVC */ = {
			isa = PBXGroup;
			children = (
				83B2F27C24FBA6670041A762 /* BookingDetailVC.swift */,
				833F14E4252C681E0031FE67 /* BookingDetailsModelView.swift */,
				83AD65F1252CAEAB00B10EAA /* BookingDetailsModel.swift */,
			);
			path = BookingDetailVC;
			sourceTree = "<group>";
		};
		83B2F27D24FBA6670041A762 /* StoryBoard */ = {
			isa = PBXGroup;
			children = (
				83B2F27E24FBA6670041A762 /* BookingDetail.storyboard */,
			);
			path = StoryBoard;
			sourceTree = "<group>";
		};
		83B2F27F24FBA6670041A762 /* FilterVC */ = {
			isa = PBXGroup;
			children = (
				83B2F28024FBA6670041A762 /* FilterVC.swift */,
			);
			path = FilterVC;
			sourceTree = "<group>";
		};
		83B2F28124FBA6670041A762 /* BookingVC */ = {
			isa = PBXGroup;
			children = (
				83B2F28224FBA6670041A762 /* BookingVC.swift */,
				83B2F28324FBA6670041A762 /* BookingTableViewCell.swift */,
				83D877652507FFFD00BFB6D1 /* BookingListModelView.swift */,
				8325DAAB250F63EB00A606DD /* GetBookingListModel.swift */,
			);
			path = BookingVC;
			sourceTree = "<group>";
		};
		83B2F28924FBB3600041A762 /* NotificationVC */ = {
			isa = PBXGroup;
			children = (
				8325DAAD250FFA8D00A606DD /* BookingStore */,
				8318DA6124FE1332004F16EF /* Manage Address Module */,
				83B2F28A24FBB3600041A762 /* NotificationVC.swift */,
				833C8C3A255E52FB00C88430 /* IdelPaymentModel.swift */,
				833C8C39255E52EE00C88430 /* IdelPaymentVC.swift */,
				8322B3AB250EAA6F00D1B3FA /* dateListCollectionViewCell.swift */,
				8322B3AA250EAA6E00D1B3FA /* EditDateVC.swift */,
				83B2F28B24FBB3600041A762 /* NotificationTableViewCell.swift */,
				83D877632507618E00BFB6D1 /* HomeScreenViewModel.swift */,
				83CE39B12510DDF7005E9CBC /* CustomManualAddressCell.swift */,
				83511CDF2513934B00E9C501 /* GetArtistCategoryVC.swift */,
				83511CE1251398D600E9C501 /* CustomArtistCategoryCell.swift */,
				83AD65EF252C7F0600B10EAA /* NotificationModel.swift */,
				8318183525307F980002FD2C /* ChangeNotificationModel.swift */,
			);
			path = NotificationVC;
			sourceTree = "<group>";
		};
		83C188AF24F6F2DD00BF437E /* Tab Bar Controller */ = {
			isa = PBXGroup;
			children = (
				8391ACD824FCEABA008C04D3 /* customTabBar.swift */,
			);
			path = "Tab Bar Controller";
			sourceTree = "<group>";
		};
		83CDC29D24F8E38E0020E302 /* Common Classes */ = {
			isa = PBXGroup;
			children = (
				8391ACDC24FD194B008C04D3 /* InternetConnection.swift */,
				83CDC2AE24F91C5A0020E302 /* Montserrat */,
				83CDC29E24F8E38E0020E302 /* CurrentLocationExtension.swift */,
				83CDC29F24F8E38E0020E302 /* Extension.swift */,
				83CDC2A024F8E38E0020E302 /* Helper.swift */,
				83CDC2A124F8E38E0020E302 /* extension+UIView.swift */,
				0D5D5906255BFD86009D9623 /* Extention + LanguageConvert.swift */,
			);
			path = "Common Classes";
			sourceTree = "<group>";
		};
		83CDC2A824F8F4720020E302 /* API Manager */ = {
			isa = PBXGroup;
			children = (
				83CDC2A624F8F46E0020E302 /* ApiManager.swift */,
				8318DA5A24FDFA70004F16EF /* UserDefaultKey.swift */,
			);
			path = "API Manager";
			sourceTree = "<group>";
		};
		83CDC2A924F8F9210020E302 /* Dashboard */ = {
			isa = PBXGroup;
			children = (
				1868C0EF25837C42005E0417 /* ChooseCurrencyVC */,
				83511CE92514005E00E9C501 /* FilterArtistData */,
				83B2F28924FBB3600041A762 /* NotificationVC */,
				83CDC2AA24F8F93F0020E302 /* Dashboard.storyboard */,
				83CDC2AC24F8FA7E0020E302 /* HOmeViewController.swift */,
				83CA0EF5255D66150097B57C /* AddCardVC.swift */,
				83CDC2D524F92CBA0020E302 /* SearchArtistVC.swift */,
				83CDC2D724F92E160020E302 /* CustomSearchArtistCell.swift */,
				83CDC2D924F935AE0020E302 /* UpdateLocationVC.swift */,
				83B2F28E24FC208E0041A762 /* CustomManageAddressCell.swift */,
				83B2F29024FC20AE0041A762 /* CustomHeaderAddressCell.swift */,
				83682EA3255BF8FB00C87A45 /* SchueduleVC.swift */,
				83B2F29224FC2CB40041A762 /* SelectAddressTypeVC.swift */,
				83B2F29424FC2DEE0041A762 /* SelectAddressVC.swift */,
				83B2F29624FC32E50041A762 /* ManualAddressVC.swift */,
				839EDA61250E59AF00230F1C /* ScheduleBookingVC.swift */,
				83511CDD2513884800E9C501 /* SearchArtistViewModel.swift */,
				83BA5D45251499A500C3ED86 /* SearchArtistByNameVC.swift */,
				833F14DE252B3A680031FE67 /* NotificationViewModel.swift */,
			);
			path = Dashboard;
			sourceTree = "<group>";
		};
		83CDC2AE24F91C5A0020E302 /* Montserrat */ = {
			isa = PBXGroup;
			children = (
				83CDC2AF24F91C5A0020E302 /* Montserrat-LightItalic.ttf */,
				83CDC2B024F91C5A0020E302 /* Montserrat-Medium.ttf */,
				83CDC2B124F91C5A0020E302 /* Montserrat-BoldItalic.ttf */,
				83CDC2B224F91C5A0020E302 /* Montserrat-Light.ttf */,
				83CDC2B324F91C5A0020E302 /* Montserrat-ThinItalic.ttf */,
				83CDC2B424F91C5A0020E302 /* Montserrat-ExtraLight.ttf */,
				83CDC2B524F91C5A0020E302 /* Montserrat-Thin.ttf */,
				83CDC2B624F91C5A0020E302 /* Montserrat-Bold.ttf */,
				83CDC2B724F91C5A0020E302 /* Montserrat-MediumItalic.ttf */,
				83CDC2B824F91C5A0020E302 /* Montserrat-BlackItalic.ttf */,
				83CDC2B924F91C5A0020E302 /* Montserrat-SemiBold.ttf */,
				83CDC2BA24F91C5A0020E302 /* Montserrat-ExtraLightItalic.ttf */,
				83CDC2BB24F91C5A0020E302 /* Montserrat-ExtraBold.ttf */,
				83CDC2BC24F91C5A0020E302 /* OFL.txt */,
				83CDC2BD24F91C5A0020E302 /* Montserrat-Black.ttf */,
				83CDC2BE24F91C5A0020E302 /* Montserrat-Regular.ttf */,
				83CDC2BF24F91C5A0020E302 /* Montserrat-Italic.ttf */,
				83CDC2C024F91C5A0020E302 /* Montserrat-SemiBoldItalic.ttf */,
				83CDC2C124F91C5A0020E302 /* Montserrat-ExtraBoldItalic.ttf */,
			);
			path = Montserrat;
			sourceTree = "<group>";
		};
		83F1BB6424FF7961005B5FED /* Profile */ = {
			isa = PBXGroup;
			children = (
				0DAD1BCB2559200A00AFA29A /* LanguageVC.swift */,
				83AB5FE02557FED70087515B /* ReviewVC.swift */,
				83AB5FE22557FF2A0087515B /* ReviewTableViewCell.swift */,
				83AB5FE42557FF550087515B /* ReviewRatingModel.swift */,
				83AB5FE62557FF680087515B /* ReviewRatingViewModel.swift */,
				832A359A251B2E2A00587D8A /* Change Password */,
				83F1BB6524FF79D2005B5FED /* Profile.storyboard */,
				83F1BB6724FF80E9005B5FED /* ProfileVC.swift */,
				83F1BB6B24FF8B26005B5FED /* ProfileViewModel.swift */,
				83F1BB6D24FFA6D9005B5FED /* GetProfileModel.swift */,
				83511CEC25145D0000E9C501 /* ViewProfileVC */,
				83511CDB2513694D00E9C501 /* SettingVC.swift */,
				83511CF525146F1200E9C501 /* GetArtistCategoryModel.swift */,
				0DAD1BCD255933EC00AFA29A /* GetArtistDateList.swift */,
			);
			path = Profile;
			sourceTree = "<group>";
		};
		BB67649148952091621CD1BA /* Pods */ = {
			isa = PBXGroup;
			children = (
				6B2097EC0D952BA2867A9735 /* Pods-SurpriseMe User.debug.xcconfig */,
				8D79C18DFC0374C660B69917 /* Pods-SurpriseMe User.release.xcconfig */,
			);
			path = Pods;
			sourceTree = "<group>";
		};
/* End PBXGroup section */

/* Begin PBXNativeTarget section */
		832C887524F4ED6C0003B10B /* SurpriseMe User */ = {
			isa = PBXNativeTarget;
			buildConfigurationList = 832C888A24F4ED6E0003B10B /* Build configuration list for PBXNativeTarget "SurpriseMe User" */;
			buildPhases = (
				C7F68B7DAF063C3BE510EBDB /* [CP] Check Pods Manifest.lock */,
				832C887224F4ED6C0003B10B /* Sources */,
				832C887324F4ED6C0003B10B /* Frameworks */,
				832C887424F4ED6C0003B10B /* Resources */,
				7A54E36E76A7B8905269F8DC /* [CP] Embed Pods Frameworks */,
				8BC5ECDADC4CC5D10ADB05C6 /* [CP] Copy Pods Resources */,
			);
			buildRules = (
			);
			dependencies = (
			);
			name = "SurpriseMe User";
			productName = "SurpriseMe User";
			productReference = 832C887624F4ED6C0003B10B /* SurpriseMe.app */;
			productType = "com.apple.product-type.application";
		};
/* End PBXNativeTarget section */

/* Begin PBXProject section */
		832C886E24F4ED6B0003B10B /* Project object */ = {
			isa = PBXProject;
			attributes = {
				LastSwiftUpdateCheck = 1150;
				LastUpgradeCheck = 1150;
				ORGANIZATIONNAME = "Pankaj Mac";
				TargetAttributes = {
					832C887524F4ED6C0003B10B = {
						CreatedOnToolsVersion = 11.5;
					};
				};
			};
			buildConfigurationList = 832C887124F4ED6B0003B10B /* Build configuration list for PBXProject "SurpriseMe User" */;
			compatibilityVersion = "Xcode 9.3";
			developmentRegion = en;
			hasScannedForEncodings = 0;
			knownRegions = (
				en,
				Base,
				es,
				de,
				nl,
			);
			mainGroup = 832C886D24F4ED6B0003B10B;
			productRefGroup = 832C887724F4ED6C0003B10B /* Products */;
			projectDirPath = "";
			projectRoot = "";
			targets = (
				832C887524F4ED6C0003B10B /* SurpriseMe User */,
			);
		};
/* End PBXProject section */

/* Begin PBXResourcesBuildPhase section */
		832C887424F4ED6C0003B10B /* Resources */ = {
			isa = PBXResourcesBuildPhase;
			buildActionMask = 2147483647;
			files = (
				83B2F28524FBA6680041A762 /* BookingDetail.storyboard in Resources */,
				83CDC2C424F91C5A0020E302 /* Montserrat-BoldItalic.ttf in Resources */,
				83CDC2D024F91C5A0020E302 /* Montserrat-Black.ttf in Resources */,
				83CDC2CA24F91C5A0020E302 /* Montserrat-MediumItalic.ttf in Resources */,
				83CDC2CB24F91C5A0020E302 /* Montserrat-BlackItalic.ttf in Resources */,
				83CDC2AB24F8F93F0020E302 /* Dashboard.storyboard in Resources */,
				83CDC2C524F91C5A0020E302 /* Montserrat-Light.ttf in Resources */,
				83B2F27724FB9FF40041A762 /* Chat.storyboard in Resources */,
				83CDC2C924F91C5A0020E302 /* Montserrat-Bold.ttf in Resources */,
				83CDC2CE24F91C5A0020E302 /* Montserrat-ExtraBold.ttf in Resources */,
				83CDC2D424F91C5A0020E302 /* Montserrat-ExtraBoldItalic.ttf in Resources */,
				0DAD1BD0255950E600AFA29A /* GoogleService-Info.plist in Resources */,
				83CDC2D124F91C5A0020E302 /* Montserrat-Regular.ttf in Resources */,
				83CDC2C624F91C5A0020E302 /* Montserrat-ThinItalic.ttf in Resources */,
				83CDC2CF24F91C5A0020E302 /* OFL.txt in Resources */,
				83CDC2C224F91C5A0020E302 /* Montserrat-LightItalic.ttf in Resources */,
				83CDC2D224F91C5A0020E302 /* Montserrat-Italic.ttf in Resources */,
				0D5D590B255BFFDF009D9623 /* Localizable.strings in Resources */,
				83CDC2C724F91C5A0020E302 /* Montserrat-ExtraLight.ttf in Resources */,
				83CDC2C324F91C5A0020E302 /* Montserrat-Medium.ttf in Resources */,
				83F1BB6624FF79D2005B5FED /* Profile.storyboard in Resources */,
				832C888624F4ED6E0003B10B /* LaunchScreen.storyboard in Resources */,
				832C888324F4ED6E0003B10B /* Assets.xcassets in Resources */,
				83CDC2C824F91C5A0020E302 /* Montserrat-Thin.ttf in Resources */,
				83CDC2CD24F91C5A0020E302 /* Montserrat-ExtraLightItalic.ttf in Resources */,
				83CDC2D324F91C5A0020E302 /* Montserrat-SemiBoldItalic.ttf in Resources */,
				83CDC2CC24F91C5A0020E302 /* Montserrat-SemiBold.ttf in Resources */,
				832C888124F4ED6C0003B10B /* Main.storyboard in Resources */,
			);
			runOnlyForDeploymentPostprocessing = 0;
		};
/* End PBXResourcesBuildPhase section */

/* Begin PBXShellScriptBuildPhase section */
		7A54E36E76A7B8905269F8DC /* [CP] Embed Pods Frameworks */ = {
			isa = PBXShellScriptBuildPhase;
			buildActionMask = 2147483647;
			files = (
			);
			inputFileListPaths = (
				"${PODS_ROOT}/Target Support Files/Pods-SurpriseMe User/Pods-SurpriseMe User-frameworks-${CONFIGURATION}-input-files.xcfilelist",
			);
			name = "[CP] Embed Pods Frameworks";
			outputFileListPaths = (
				"${PODS_ROOT}/Target Support Files/Pods-SurpriseMe User/Pods-SurpriseMe User-frameworks-${CONFIGURATION}-output-files.xcfilelist",
			);
			runOnlyForDeploymentPostprocessing = 0;
			shellPath = /bin/sh;
			shellScript = "\"${PODS_ROOT}/Target Support Files/Pods-SurpriseMe User/Pods-SurpriseMe User-frameworks.sh\"\n";
			showEnvVarsInLog = 0;
		};
		8BC5ECDADC4CC5D10ADB05C6 /* [CP] Copy Pods Resources */ = {
			isa = PBXShellScriptBuildPhase;
			buildActionMask = 12;
			files = (
			);
			inputFileListPaths = (
				"${PODS_ROOT}/Target Support Files/Pods-SurpriseMe User/Pods-SurpriseMe User-resources-${CONFIGURATION}-input-files.xcfilelist",
			);
			name = "[CP] Copy Pods Resources";
			outputFileListPaths = (
				"${PODS_ROOT}/Target Support Files/Pods-SurpriseMe User/Pods-SurpriseMe User-resources-${CONFIGURATION}-output-files.xcfilelist",
			);
			runOnlyForDeploymentPostprocessing = 0;
			shellPath = /bin/sh;
			shellScript = "\"${PODS_ROOT}/Target Support Files/Pods-SurpriseMe User/Pods-SurpriseMe User-resources.sh\"\n";
			showEnvVarsInLog = 0;
		};
		C7F68B7DAF063C3BE510EBDB /* [CP] Check Pods Manifest.lock */ = {
			isa = PBXShellScriptBuildPhase;
			buildActionMask = 2147483647;
			files = (
			);
			inputFileListPaths = (
			);
			inputPaths = (
				"${PODS_PODFILE_DIR_PATH}/Podfile.lock",
				"${PODS_ROOT}/Manifest.lock",
			);
			name = "[CP] Check Pods Manifest.lock";
			outputFileListPaths = (
			);
			outputPaths = (
				"$(DERIVED_FILE_DIR)/Pods-SurpriseMe User-checkManifestLockResult.txt",
			);
			runOnlyForDeploymentPostprocessing = 0;
			shellPath = /bin/sh;
			shellScript = "diff \"${PODS_PODFILE_DIR_PATH}/Podfile.lock\" \"${PODS_ROOT}/Manifest.lock\" > /dev/null\nif [ $? != 0 ] ; then\n    # print error to STDERR\n    echo \"error: The sandbox is not in sync with the Podfile.lock. Run 'pod install' or update your CocoaPods installation.\" >&2\n    exit 1\nfi\n# This output is used by Xcode 'outputs' to avoid re-running this script phase.\necho \"SUCCESS\" > \"${SCRIPT_OUTPUT_FILE_0}\"\n";
			showEnvVarsInLog = 0;
		};
/* End PBXShellScriptBuildPhase section */

/* Begin PBXSourcesBuildPhase section */
		832C887224F4ED6C0003B10B /* Sources */ = {
			isa = PBXSourcesBuildPhase;
			buildActionMask = 2147483647;
			files = (
				8322B3AD250EAA6F00D1B3FA /* dateListCollectionViewCell.swift in Sources */,
				833C8C36255E4C7E00C88430 /* SuccessPaymentVC.swift in Sources */,
				83511CE2251398D600E9C501 /* CustomArtistCategoryCell.swift in Sources */,
				83511CF325145D0000E9C501 /* imageCollectionViewCell.swift in Sources */,
				83B2F28724FBA6680041A762 /* BookingVC.swift in Sources */,
				83B2F29724FC32E50041A762 /* ManualAddressVC.swift in Sources */,
				833F14E1252B67370031FE67 /* RatingViewModel.swift in Sources */,
				83CDC2DC24F957FF0020E302 /* FilterViewController.swift in Sources */,
				8318183625307F980002FD2C /* ChangeNotificationModel.swift in Sources */,
				83CDC2D824F92E160020E302 /* CustomSearchArtistCell.swift in Sources */,
				83CDC2A724F8F46E0020E302 /* ApiManager.swift in Sources */,
				83CE39B22510DDF7005E9CBC /* CustomManualAddressCell.swift in Sources */,
				83A3A993251B603C00269F55 /* SocketConnectionManager.swift in Sources */,
				83F1BB7024FFAA4C005B5FED /* LoaderClass.swift in Sources */,
				8322B3A9250E997700D1B3FA /* SelectDateVC.swift in Sources */,
				832C887E24F4ED6C0003B10B /* ViewController.swift in Sources */,
				83511CF625146F1200E9C501 /* GetArtistCategoryModel.swift in Sources */,
				8322B3AC250EAA6F00D1B3FA /* EditDateVC.swift in Sources */,
				83B2F29524FC2DEE0041A762 /* SelectAddressVC.swift in Sources */,
				83511CDC2513694D00E9C501 /* SettingVC.swift in Sources */,
				83F1BB6E24FFA6D9005B5FED /* GetProfileModel.swift in Sources */,
				83D877642507618E00BFB6D1 /* HomeScreenViewModel.swift in Sources */,
				83682EA4255BF8FC00C87A45 /* SchueduleVC.swift in Sources */,
				83CDC2A424F8E38E0020E302 /* Helper.swift in Sources */,
				83B2F27424FB9FF40041A762 /* FriendMsgVC.swift in Sources */,
				83EA841624FAE530001510F5 /* ManageAddressVC.swift in Sources */,
				83BA5D4825149B8F00C3ED86 /* SearchArtistesdCustomCell.swift in Sources */,
				830CDDDD251DB58B002B9752 /* Extension + Date.swift in Sources */,
				83B2F27824FB9FF40041A762 /* MessageTableViewCell.swift in Sources */,
				832C887A24F4ED6C0003B10B /* AppDelegate.swift in Sources */,
				8318DA5E24FE001C004F16EF /* ForgetPasswordVC.swift in Sources */,
				83511CE62513E4B400E9C501 /* SearchArtistModel.swift in Sources */,
				83CDC2A224F8E38E0020E302 /* CurrentLocationExtension.swift in Sources */,
				83AD65F0252C7F0600B10EAA /* NotificationModel.swift in Sources */,
				83D8776825089B8200BFB6D1 /* GetrtistListModel.swift in Sources */,
				8391ACD924FCEABA008C04D3 /* customTabBar.swift in Sources */,
				83CA0EF6255D66150097B57C /* AddCardVC.swift in Sources */,
				833C8C35255E4C7E00C88430 /* cardPaymentList.swift in Sources */,
				83BA5D422514917500C3ED86 /* GetArtistProfileViewModel.swift in Sources */,
				830D4BAE251C6EF1002ABAC9 /* GetFreindListViewModel.swift in Sources */,
				83AB5FE72557FF690087515B /* ReviewRatingViewModel.swift in Sources */,
				83511CF425145D0000E9C501 /* showCollectionViewCell.swift in Sources */,
				83511CE4251399F200E9C501 /* GetArtistViewModel.swift in Sources */,
				83CDC2D624F92CBA0020E302 /* SearchArtistVC.swift in Sources */,
				83D8776A2509532200BFB6D1 /* HomeScreenModel.swift in Sources */,
				833F14DD252B255B0031FE67 /* RatingVC.swift in Sources */,
				83B2F28C24FBB3610041A762 /* NotificationVC.swift in Sources */,
				839EDA62250E59AF00230F1C /* ScheduleBookingVC.swift in Sources */,
				833F14DF252B3A680031FE67 /* NotificationViewModel.swift in Sources */,
				0D5D5907255BFD86009D9623 /* Extention + LanguageConvert.swift in Sources */,
				83CDC2A524F8E38E0020E302 /* extension+UIView.swift in Sources */,
				83B95D1424F6267B001ABB9D /* LoginVC.swift in Sources */,
				83B2F27524FB9FF40041A762 /* sendTableViewCell.swift in Sources */,
				83511CF125145D0000E9C501 /* ViewProfileVC.swift in Sources */,
				832A359C251B2EA400587D8A /* ChangePasswordViewModel.swift in Sources */,
				8325DAAF250FFAB300A606DD /* BookingStoreViewModel.swift in Sources */,
				0DAD1BCE255933EC00AFA29A /* GetArtistDateList.swift in Sources */,
				83B2F27924FB9FF40041A762 /* FriendListVC.swift in Sources */,
				833C8C37255E4C7E00C88430 /* PagingCollectionViewLayout.swift in Sources */,
				833C8C38255E4C7E00C88430 /* LoaderVC.swift in Sources */,
				833C8C34255E4C7E00C88430 /* GetCardModel.swift in Sources */,
				8325DAAC250F63EB00A606DD /* GetBookingListModel.swift in Sources */,
				833F14E5252C681F0031FE67 /* BookingDetailsModelView.swift in Sources */,
				838D0114257A5D8700F1062F /* ZFRippleButton.swift in Sources */,
				83B2F28624FBA6680041A762 /* FilterVC.swift in Sources */,
				83511CF225145D0000E9C501 /* serviceCollectionViewCell.swift in Sources */,
				83511CDA25135E2700E9C501 /* ChangePasswordVC.swift in Sources */,
				8391ACE524FD6A8D008C04D3 /* LoginViewModel.swift in Sources */,
				833C8C33255E4C7E00C88430 /* SelectPayMentTypeVC.swift in Sources */,
				833C8C32255E4C7E00C88430 /* SelectPaymentVC.swift in Sources */,
				1868C0F125837C63005E0417 /* ChooseCurrencyVC.swift in Sources */,
				8391ACDF24FD1AAE008C04D3 /* SignupViewModel.swift in Sources */,
				8318DA6524FE250C004F16EF /* ManageAddressModel.swift in Sources */,
				83B2F29324FC2CB40041A762 /* SelectAddressTypeVC.swift in Sources */,
				833C8C3B255E52FB00C88430 /* IdelPaymentVC.swift in Sources */,
				83B2F28D24FBB3610041A762 /* NotificationTableViewCell.swift in Sources */,
				83511CE02513934B00E9C501 /* GetArtistCategoryVC.swift in Sources */,
				83F1BB6C24FF8B26005B5FED /* ProfileViewModel.swift in Sources */,
				833C8C3C255E52FB00C88430 /* IdelPaymentModel.swift in Sources */,
				83511CE82514000400E9C501 /* FilterArtistDataViewModel.swift in Sources */,
				833C8C31255E4C7E00C88430 /* CustomCardCollectionCell.swift in Sources */,
				83F1BB6824FF80E9005B5FED /* ProfileVC.swift in Sources */,
				83B2F28F24FC208E0041A762 /* CustomManageAddressCell.swift in Sources */,
				83D8776C2509579400BFB6D1 /* GetArtistListHomeModel.swift in Sources */,
				83B2F27624FB9FF40041A762 /* typingTableViewCell.swift in Sources */,
				830D4BB6251C9933002ABAC9 /* GetFreindListModel.swift in Sources */,
				83B2F27324FB9FF40041A762 /* recievedTableViewCell.swift in Sources */,
				83AB5FE12557FED80087515B /* ReviewVC.swift in Sources */,
				832C888F24F5018D0003B10B /* WalkThroughVC.swift in Sources */,
				83BA5D442514919D00C3ED86 /* GetArtistModel.swift in Sources */,
				83511CEB251400A300E9C501 /* FilterArtistDataModel.swift in Sources */,
				83CDC2DA24F935AE0020E302 /* UpdateLocationVC.swift in Sources */,
				8318DA6324FE1355004F16EF /* ManageAddressViewModel.swift in Sources */,
				83AB5FE32557FF2B0087515B /* ReviewTableViewCell.swift in Sources */,
				830D4BB0251C70B9002ABAC9 /* ChatHistoryViewModel.swift in Sources */,
				83AD65F2252CAEAB00B10EAA /* BookingDetailsModel.swift in Sources */,
				83CDC2A324F8E38E0020E302 /* Extension.swift in Sources */,
				833C8C30255E4C7E00C88430 /* cardPaymentListCell.swift in Sources */,
				833D2808251D18E8002E654F /* GetUserChatListViewM.swift in Sources */,
				83CDC2AD24F8FA7E0020E302 /* HOmeViewController.swift in Sources */,
				832C889224F503610003B10B /* CustomWalkThroughCell.swift in Sources */,
				83B2F28424FBA6680041A762 /* BookingDetailVC.swift in Sources */,
				0DAD1BCC2559200B00AFA29A /* LanguageVC.swift in Sources */,
				83B2F28824FBA6680041A762 /* BookingTableViewCell.swift in Sources */,
				83CDC29C24F8BC850020E302 /* SignupVC.swift in Sources */,
				8318DA6024FE0410004F16EF /* ForgetPasswordViewModel.swift in Sources */,
				83BA5D46251499A500C3ED86 /* SearchArtistByNameVC.swift in Sources */,
				8391ACE124FD1B64008C04D3 /* SignupModel.swift in Sources */,
				83511CDE2513884800E9C501 /* SearchArtistViewModel.swift in Sources */,
				832C889624F529830003B10B /* SocialLoginVC.swift in Sources */,
				83B2F29924FC3AC40041A762 /* TermsProfileVC.swift in Sources */,
				83B2F29124FC20AE0041A762 /* CustomHeaderAddressCell.swift in Sources */,
				83AB5FE52557FF560087515B /* ReviewRatingModel.swift in Sources */,
				83D877662507FFFE00BFB6D1 /* BookingListModelView.swift in Sources */,
				8318DA5B24FDFA70004F16EF /* UserDefaultKey.swift in Sources */,
				8391ACDD24FD194B008C04D3 /* InternetConnection.swift in Sources */,
			);
			runOnlyForDeploymentPostprocessing = 0;
		};
/* End PBXSourcesBuildPhase section */

/* Begin PBXVariantGroup section */
		0D5D590D255BFFDF009D9623 /* Localizable.strings */ = {
			isa = PBXVariantGroup;
			children = (
				0D5D590C255BFFDF009D9623 /* en */,
				0D5D5910255C007E009D9623 /* es */,
				0D5D5913255C008B009D9623 /* de */,
				0D5D5917255C00A9009D9623 /* nl */,
			);
			name = Localizable.strings;
			sourceTree = "<group>";
		};
		832C887F24F4ED6C0003B10B /* Main.storyboard */ = {
			isa = PBXVariantGroup;
			children = (
				832C888024F4ED6C0003B10B /* Base */,
				0DB6B2C1255960C40074DF6C /* nl */,
				0D5D590E255C0077009D9623 /* es */,
				0D5D5911255C0083009D9623 /* de */,
				0D5D5914255C0097009D9623 /* nl */,
				0D5D5919255C00FD009D9623 /* en */,
			);
			name = Main.storyboard;
			sourceTree = "<group>";
		};
		832C888424F4ED6E0003B10B /* LaunchScreen.storyboard */ = {
			isa = PBXVariantGroup;
			children = (
				832C888524F4ED6E0003B10B /* Base */,
				0D5D590F255C007A009D9623 /* es */,
				0D5D5912255C0087009D9623 /* de */,
				0D5D5915255C0099009D9623 /* nl */,
				0D5D591B255C0109009D9623 /* en */,
			);
			name = LaunchScreen.storyboard;
			sourceTree = "<group>";
		};
/* End PBXVariantGroup section */

/* Begin XCBuildConfiguration section */
		832C888824F4ED6E0003B10B /* Debug */ = {
			isa = XCBuildConfiguration;
			buildSettings = {
				ALWAYS_SEARCH_USER_PATHS = NO;
				CLANG_ANALYZER_LOCALIZABILITY_NONLOCALIZED = YES;
				CLANG_ANALYZER_NONNULL = YES;
				CLANG_ANALYZER_NUMBER_OBJECT_CONVERSION = YES_AGGRESSIVE;
				CLANG_CXX_LANGUAGE_STANDARD = "gnu++14";
				CLANG_CXX_LIBRARY = "libc++";
				CLANG_ENABLE_MODULES = YES;
				CLANG_ENABLE_OBJC_ARC = YES;
				CLANG_ENABLE_OBJC_WEAK = YES;
				CLANG_WARN_BLOCK_CAPTURE_AUTORELEASING = YES;
				CLANG_WARN_BOOL_CONVERSION = YES;
				CLANG_WARN_COMMA = YES;
				CLANG_WARN_CONSTANT_CONVERSION = YES;
				CLANG_WARN_DEPRECATED_OBJC_IMPLEMENTATIONS = YES;
				CLANG_WARN_DIRECT_OBJC_ISA_USAGE = YES_ERROR;
				CLANG_WARN_DOCUMENTATION_COMMENTS = YES;
				CLANG_WARN_EMPTY_BODY = YES;
				CLANG_WARN_ENUM_CONVERSION = YES;
				CLANG_WARN_INFINITE_RECURSION = YES;
				CLANG_WARN_INT_CONVERSION = YES;
				CLANG_WARN_NON_LITERAL_NULL_CONVERSION = YES;
				CLANG_WARN_OBJC_IMPLICIT_RETAIN_SELF = YES;
				CLANG_WARN_OBJC_LITERAL_CONVERSION = YES;
				CLANG_WARN_OBJC_ROOT_CLASS = YES_ERROR;
				CLANG_WARN_RANGE_LOOP_ANALYSIS = YES;
				CLANG_WARN_STRICT_PROTOTYPES = YES;
				CLANG_WARN_SUSPICIOUS_MOVE = YES;
				CLANG_WARN_UNGUARDED_AVAILABILITY = YES_AGGRESSIVE;
				CLANG_WARN_UNREACHABLE_CODE = YES;
				CLANG_WARN__DUPLICATE_METHOD_MATCH = YES;
				COPY_PHASE_STRIP = NO;
				DEBUG_INFORMATION_FORMAT = dwarf;
				ENABLE_STRICT_OBJC_MSGSEND = YES;
				ENABLE_TESTABILITY = YES;
				GCC_C_LANGUAGE_STANDARD = gnu11;
				GCC_DYNAMIC_NO_PIC = NO;
				GCC_NO_COMMON_BLOCKS = YES;
				GCC_OPTIMIZATION_LEVEL = 0;
				GCC_PREPROCESSOR_DEFINITIONS = (
					"DEBUG=1",
					"$(inherited)",
				);
				GCC_WARN_64_TO_32_BIT_CONVERSION = YES;
				GCC_WARN_ABOUT_RETURN_TYPE = YES_ERROR;
				GCC_WARN_UNDECLARED_SELECTOR = YES;
				GCC_WARN_UNINITIALIZED_AUTOS = YES_AGGRESSIVE;
				GCC_WARN_UNUSED_FUNCTION = YES;
				GCC_WARN_UNUSED_VARIABLE = YES;
				IPHONEOS_DEPLOYMENT_TARGET = 13.5;
				MTL_ENABLE_DEBUG_INFO = INCLUDE_SOURCE;
				MTL_FAST_MATH = YES;
				ONLY_ACTIVE_ARCH = YES;
				SDKROOT = iphoneos;
				SWIFT_ACTIVE_COMPILATION_CONDITIONS = DEBUG;
				SWIFT_OPTIMIZATION_LEVEL = "-Onone";
			};
			name = Debug;
		};
		832C888924F4ED6E0003B10B /* Release */ = {
			isa = XCBuildConfiguration;
			buildSettings = {
				ALWAYS_SEARCH_USER_PATHS = NO;
				CLANG_ANALYZER_LOCALIZABILITY_NONLOCALIZED = YES;
				CLANG_ANALYZER_NONNULL = YES;
				CLANG_ANALYZER_NUMBER_OBJECT_CONVERSION = YES_AGGRESSIVE;
				CLANG_CXX_LANGUAGE_STANDARD = "gnu++14";
				CLANG_CXX_LIBRARY = "libc++";
				CLANG_ENABLE_MODULES = YES;
				CLANG_ENABLE_OBJC_ARC = YES;
				CLANG_ENABLE_OBJC_WEAK = YES;
				CLANG_WARN_BLOCK_CAPTURE_AUTORELEASING = YES;
				CLANG_WARN_BOOL_CONVERSION = YES;
				CLANG_WARN_COMMA = YES;
				CLANG_WARN_CONSTANT_CONVERSION = YES;
				CLANG_WARN_DEPRECATED_OBJC_IMPLEMENTATIONS = YES;
				CLANG_WARN_DIRECT_OBJC_ISA_USAGE = YES_ERROR;
				CLANG_WARN_DOCUMENTATION_COMMENTS = YES;
				CLANG_WARN_EMPTY_BODY = YES;
				CLANG_WARN_ENUM_CONVERSION = YES;
				CLANG_WARN_INFINITE_RECURSION = YES;
				CLANG_WARN_INT_CONVERSION = YES;
				CLANG_WARN_NON_LITERAL_NULL_CONVERSION = YES;
				CLANG_WARN_OBJC_IMPLICIT_RETAIN_SELF = YES;
				CLANG_WARN_OBJC_LITERAL_CONVERSION = YES;
				CLANG_WARN_OBJC_ROOT_CLASS = YES_ERROR;
				CLANG_WARN_RANGE_LOOP_ANALYSIS = YES;
				CLANG_WARN_STRICT_PROTOTYPES = YES;
				CLANG_WARN_SUSPICIOUS_MOVE = YES;
				CLANG_WARN_UNGUARDED_AVAILABILITY = YES_AGGRESSIVE;
				CLANG_WARN_UNREACHABLE_CODE = YES;
				CLANG_WARN__DUPLICATE_METHOD_MATCH = YES;
				COPY_PHASE_STRIP = NO;
				DEBUG_INFORMATION_FORMAT = "dwarf-with-dsym";
				ENABLE_NS_ASSERTIONS = NO;
				ENABLE_STRICT_OBJC_MSGSEND = YES;
				GCC_C_LANGUAGE_STANDARD = gnu11;
				GCC_NO_COMMON_BLOCKS = YES;
				GCC_WARN_64_TO_32_BIT_CONVERSION = YES;
				GCC_WARN_ABOUT_RETURN_TYPE = YES_ERROR;
				GCC_WARN_UNDECLARED_SELECTOR = YES;
				GCC_WARN_UNINITIALIZED_AUTOS = YES_AGGRESSIVE;
				GCC_WARN_UNUSED_FUNCTION = YES;
				GCC_WARN_UNUSED_VARIABLE = YES;
				IPHONEOS_DEPLOYMENT_TARGET = 13.5;
				MTL_ENABLE_DEBUG_INFO = NO;
				MTL_FAST_MATH = YES;
				SDKROOT = iphoneos;
				SWIFT_COMPILATION_MODE = wholemodule;
				SWIFT_OPTIMIZATION_LEVEL = "-O";
				VALIDATE_PRODUCT = YES;
			};
			name = Release;
		};
		832C888B24F4ED6E0003B10B /* Debug */ = {
			isa = XCBuildConfiguration;
			baseConfigurationReference = 6B2097EC0D952BA2867A9735 /* Pods-SurpriseMe User.debug.xcconfig */;
			buildSettings = {
				ASSETCATALOG_COMPILER_APPICON_NAME = AppIcon;
				CODE_SIGN_ENTITLEMENTS = "SurpriseMe User/SurpriseMe UserDebug.entitlements";
				CODE_SIGN_IDENTITY = "Apple Development";
				CODE_SIGN_STYLE = Automatic;
				CURRENT_PROJECT_VERSION = 22;
				DEVELOPMENT_TEAM = 27FJ8KG4W4;
				ENABLE_BITCODE = NO;
				INFOPLIST_FILE = "SurpriseMe User/Info.plist";
				IPHONEOS_DEPLOYMENT_TARGET = 12.0;
				LD_RUNPATH_SEARCH_PATHS = (
					"$(inherited)",
					"@executable_path/Frameworks",
				);
				PRODUCT_BUNDLE_IDENTIFIER = Netscapelabs.SurpriseMe.User;
				PRODUCT_NAME = SurpriseMe;
				PROVISIONING_PROFILE_SPECIFIER = "";
				SWIFT_VERSION = 5.0;
				TARGETED_DEVICE_FAMILY = 1;
			};
			name = Debug;
		};
		832C888C24F4ED6E0003B10B /* Release */ = {
			isa = XCBuildConfiguration;
			baseConfigurationReference = 8D79C18DFC0374C660B69917 /* Pods-SurpriseMe User.release.xcconfig */;
			buildSettings = {
				ASSETCATALOG_COMPILER_APPICON_NAME = AppIcon;
				CODE_SIGN_ENTITLEMENTS = "SurpriseMe User/SurpriseMeRelease.entitlements";
				CODE_SIGN_IDENTITY = "Apple Development";
				CODE_SIGN_STYLE = Automatic;
				CURRENT_PROJECT_VERSION = 22;
				DEVELOPMENT_TEAM = 27FJ8KG4W4;
				ENABLE_BITCODE = NO;
				INFOPLIST_FILE = "SurpriseMe User/Info.plist";
				IPHONEOS_DEPLOYMENT_TARGET = 12.0;
				LD_RUNPATH_SEARCH_PATHS = (
					"$(inherited)",
					"@executable_path/Frameworks",
				);
				PRODUCT_BUNDLE_IDENTIFIER = Netscapelabs.SurpriseMe.User;
				PRODUCT_NAME = SurpriseMe;
				PROVISIONING_PROFILE_SPECIFIER = "";
				SWIFT_VERSION = 5.0;
				TARGETED_DEVICE_FAMILY = 1;
			};
			name = Release;
		};
/* End XCBuildConfiguration section */

/* Begin XCConfigurationList section */
		832C887124F4ED6B0003B10B /* Build configuration list for PBXProject "SurpriseMe User" */ = {
			isa = XCConfigurationList;
			buildConfigurations = (
				832C888824F4ED6E0003B10B /* Debug */,
				832C888924F4ED6E0003B10B /* Release */,
			);
			defaultConfigurationIsVisible = 0;
			defaultConfigurationName = Release;
		};
		832C888A24F4ED6E0003B10B /* Build configuration list for PBXNativeTarget "SurpriseMe User" */ = {
			isa = XCConfigurationList;
			buildConfigurations = (
				832C888B24F4ED6E0003B10B /* Debug */,
				832C888C24F4ED6E0003B10B /* Release */,
			);
			defaultConfigurationIsVisible = 0;
			defaultConfigurationName = Release;
		};
/* End XCConfigurationList section */
	};
	rootObject = 832C886E24F4ED6B0003B10B /* Project object */;
}
